// !$*UTF8*$!
{
	archiveVersion = 1;
	classes = {
	};
	objectVersion = 56;
	objects = {

/* Begin PBXBuildFile section */
		4E01C76C2BB565A600C55EC6 /* SoundServiceProtocol.swift in Sources */ = {isa = PBXBuildFile; fileRef = 4E01C76B2BB565A600C55EC6 /* SoundServiceProtocol.swift */; };
		4E01C76E2BB5660600C55EC6 /* SoundService.swift in Sources */ = {isa = PBXBuildFile; fileRef = 4E01C76D2BB5660600C55EC6 /* SoundService.swift */; };
		4E01C7712BB5665D00C55EC6 /* beep_long.mp3 in Resources */ = {isa = PBXBuildFile; fileRef = 4E01C76F2BB5665D00C55EC6 /* beep_long.mp3 */; };
		4E01C7722BB5665D00C55EC6 /* beep_short.mp3 in Resources */ = {isa = PBXBuildFile; fileRef = 4E01C7702BB5665D00C55EC6 /* beep_short.mp3 */; };
		4E01C7742BB56CF800C55EC6 /* silence.mp3 in Resources */ = {isa = PBXBuildFile; fileRef = 4E01C7732BB56CF800C55EC6 /* silence.mp3 */; };
		4E01C7762BB57D8200C55EC6 /* FlashServiceProtocol.swift in Sources */ = {isa = PBXBuildFile; fileRef = 4E01C7752BB57D8200C55EC6 /* FlashServiceProtocol.swift */; };
		4E01C7782BB58EDC00C55EC6 /* FlashService.swift in Sources */ = {isa = PBXBuildFile; fileRef = 4E01C7772BB58EDC00C55EC6 /* FlashService.swift */; };
		4E01C77A2BB5917200C55EC6 /* SoundServiceError.swift in Sources */ = {isa = PBXBuildFile; fileRef = 4E01C7792BB5917200C55EC6 /* SoundServiceError.swift */; };
		4E02DE742BB6AE430039E6DC /* TapticService.swift in Sources */ = {isa = PBXBuildFile; fileRef = 4E02DE732BB6AE430039E6DC /* TapticService.swift */; };
		4E29AC982BB595510023FD4F /* TapticServiceProtocol.swift in Sources */ = {isa = PBXBuildFile; fileRef = 4E29AC972BB595510023FD4F /* TapticServiceProtocol.swift */; };
		4E59F6B52BBA880F008D4C37 /* LanguageModel.swift in Sources */ = {isa = PBXBuildFile; fileRef = 4E59F6B42BBA880F008D4C37 /* LanguageModel.swift */; };
		4E59F6B72BBAA840008D4C37 /* ModeManager.swift in Sources */ = {isa = PBXBuildFile; fileRef = 4E59F6B62BBAA840008D4C37 /* ModeManager.swift */; };
		4E59F6B92BBAA869008D4C37 /* DarkMode.swift in Sources */ = {isa = PBXBuildFile; fileRef = 4E59F6B82BBAA869008D4C37 /* DarkMode.swift */; };
		4E59F6BC2BBAA8A4008D4C37 /* UIType.swift in Sources */ = {isa = PBXBuildFile; fileRef = 4E59F6BB2BBAA8A4008D4C37 /* UIType.swift */; };
		4E68771E2BB6EC5300EF56DB /* MockupTapticService.swift in Sources */ = {isa = PBXBuildFile; fileRef = 4E68771D2BB6EC5300EF56DB /* MockupTapticService.swift */; };
		4E79A8F22B8EE5EE000E4CCD /* EnglishToMorseTranslateService.swift in Sources */ = {isa = PBXBuildFile; fileRef = 4E79A8F12B8EE5EE000E4CCD /* EnglishToMorseTranslateService.swift */; };
		4E9681392B8DC98700E14E3C /* EnglishMorse.swift in Sources */ = {isa = PBXBuildFile; fileRef = 4E9681362B8DC98700E14E3C /* EnglishMorse.swift */; };
		4E96813A2B8DC98700E14E3C /* KoreanMorse.swift in Sources */ = {isa = PBXBuildFile; fileRef = 4E9681372B8DC98700E14E3C /* KoreanMorse.swift */; };
		4E96813B2B8DC98700E14E3C /* MorseProtocol.swift in Sources */ = {isa = PBXBuildFile; fileRef = 4E9681382B8DC98700E14E3C /* MorseProtocol.swift */; };
		4EA599422B4EF3800064726E /* AppDelegate.swift in Sources */ = {isa = PBXBuildFile; fileRef = 4EA599412B4EF3800064726E /* AppDelegate.swift */; };
		4EA599442B4EF3800064726E /* SceneDelegate.swift in Sources */ = {isa = PBXBuildFile; fileRef = 4EA599432B4EF3800064726E /* SceneDelegate.swift */; };
		4EA599462B4EF3800064726E /* MorseTranslateVC.swift in Sources */ = {isa = PBXBuildFile; fileRef = 4EA599452B4EF3800064726E /* MorseTranslateVC.swift */; };
		4EA5994B2B4EF3810064726E /* Assets.xcassets in Resources */ = {isa = PBXBuildFile; fileRef = 4EA5994A2B4EF3810064726E /* Assets.xcassets */; };
		4EA5994E2B4EF3810064726E /* LaunchScreen.storyboard in Resources */ = {isa = PBXBuildFile; fileRef = 4EA5994C2B4EF3810064726E /* LaunchScreen.storyboard */; };
		4ECA99162BB48D4B007C5870 /* TranslateEnglishToMorseTests.swift in Sources */ = {isa = PBXBuildFile; fileRef = 4ECA99152BB48D4B007C5870 /* TranslateEnglishToMorseTests.swift */; };
		4ECA99182BB49357007C5870 /* KoreanToMorseTranslateProtocol.swift in Sources */ = {isa = PBXBuildFile; fileRef = 4ECA99172BB49357007C5870 /* KoreanToMorseTranslateProtocol.swift */; };
		4ECA991A2BB4936F007C5870 /* KoreanToMorseTranslateService.swift in Sources */ = {isa = PBXBuildFile; fileRef = 4ECA99192BB4936F007C5870 /* KoreanToMorseTranslateService.swift */; };
		4ECA991C2BB49915007C5870 /* TranslateKoreanToMorseTests.swift in Sources */ = {isa = PBXBuildFile; fileRef = 4ECA991B2BB49915007C5870 /* TranslateKoreanToMorseTests.swift */; };
		4ED734282B74950400071FEF /* MorseTranslateViewModel.swift in Sources */ = {isa = PBXBuildFile; fileRef = 4ED734272B74950400071FEF /* MorseTranslateViewModel.swift */; };
		4ED7342D2B74964500071FEF /* DIContainer.swift in Sources */ = {isa = PBXBuildFile; fileRef = 4ED7342C2B74964500071FEF /* DIContainer.swift */; };
		4ED7342F2B74965200071FEF /* DICProtocol.swift in Sources */ = {isa = PBXBuildFile; fileRef = 4ED7342E2B74965200071FEF /* DICProtocol.swift */; };
		4ED734332B74971F00071FEF /* EnglishToMorseTranslateProtocol.swift in Sources */ = {isa = PBXBuildFile; fileRef = 4ED734322B74971F00071FEF /* EnglishToMorseTranslateProtocol.swift */; };
		4ED7343A2B749A5C00071FEF /* CustomButton.swift in Sources */ = {isa = PBXBuildFile; fileRef = 4ED734392B749A5C00071FEF /* CustomButton.swift */; };
		4ED7343C2B749A6800071FEF /* CustomTextView.swift in Sources */ = {isa = PBXBuildFile; fileRef = 4ED7343B2B749A6800071FEF /* CustomTextView.swift */; };
		4EE2FE902BB87B19006882C8 /* MoCoDotLibrary in Frameworks */ = {isa = PBXBuildFile; productRef = 4EE2FE8F2BB87B19006882C8 /* MoCoDotLibrary */; };
		4EF230E12B7626DA001B4186 /* CustomStackView.swift in Sources */ = {isa = PBXBuildFile; fileRef = 4EF230E02B7626DA001B4186 /* CustomStackView.swift */; };
/* End PBXBuildFile section */

/* Begin PBXContainerItemProxy section */
		4E4808432BB47C6900FBF06D /* PBXContainerItemProxy */ = {
			isa = PBXContainerItemProxy;
			containerPortal = 4EA599362B4EF3800064726E /* Project object */;
			proxyType = 1;
			remoteGlobalIDString = 4EA5993D2B4EF3800064726E;
			remoteInfo = MoCoDot;
		};
/* End PBXContainerItemProxy section */

/* Begin PBXFileReference section */
		4E01C76B2BB565A600C55EC6 /* SoundServiceProtocol.swift */ = {isa = PBXFileReference; lastKnownFileType = sourcecode.swift; path = SoundServiceProtocol.swift; sourceTree = "<group>"; };
		4E01C76D2BB5660600C55EC6 /* SoundService.swift */ = {isa = PBXFileReference; lastKnownFileType = sourcecode.swift; path = SoundService.swift; sourceTree = "<group>"; };
		4E01C76F2BB5665D00C55EC6 /* beep_long.mp3 */ = {isa = PBXFileReference; lastKnownFileType = audio.mp3; path = beep_long.mp3; sourceTree = "<group>"; };
		4E01C7702BB5665D00C55EC6 /* beep_short.mp3 */ = {isa = PBXFileReference; lastKnownFileType = audio.mp3; path = beep_short.mp3; sourceTree = "<group>"; };
		4E01C7732BB56CF800C55EC6 /* silence.mp3 */ = {isa = PBXFileReference; lastKnownFileType = audio.mp3; path = silence.mp3; sourceTree = "<group>"; };
		4E01C7752BB57D8200C55EC6 /* FlashServiceProtocol.swift */ = {isa = PBXFileReference; lastKnownFileType = sourcecode.swift; path = FlashServiceProtocol.swift; sourceTree = "<group>"; };
		4E01C7772BB58EDC00C55EC6 /* FlashService.swift */ = {isa = PBXFileReference; lastKnownFileType = sourcecode.swift; path = FlashService.swift; sourceTree = "<group>"; };
		4E01C7792BB5917200C55EC6 /* SoundServiceError.swift */ = {isa = PBXFileReference; lastKnownFileType = sourcecode.swift; path = SoundServiceError.swift; sourceTree = "<group>"; };
		4E02DE732BB6AE430039E6DC /* TapticService.swift */ = {isa = PBXFileReference; lastKnownFileType = sourcecode.swift; path = TapticService.swift; sourceTree = "<group>"; };
		4E29AC972BB595510023FD4F /* TapticServiceProtocol.swift */ = {isa = PBXFileReference; lastKnownFileType = sourcecode.swift; path = TapticServiceProtocol.swift; sourceTree = "<group>"; };
		4E48083F2BB47C6900FBF06D /* MoCoDotTests.xctest */ = {isa = PBXFileReference; explicitFileType = wrapper.cfbundle; includeInIndex = 0; path = MoCoDotTests.xctest; sourceTree = BUILT_PRODUCTS_DIR; };
		4E59F6B42BBA880F008D4C37 /* LanguageModel.swift */ = {isa = PBXFileReference; lastKnownFileType = sourcecode.swift; path = LanguageModel.swift; sourceTree = "<group>"; };
		4E59F6B62BBAA840008D4C37 /* ModeManager.swift */ = {isa = PBXFileReference; lastKnownFileType = sourcecode.swift; path = ModeManager.swift; sourceTree = "<group>"; };
		4E59F6B82BBAA869008D4C37 /* DarkMode.swift */ = {isa = PBXFileReference; lastKnownFileType = sourcecode.swift; path = DarkMode.swift; sourceTree = "<group>"; };
		4E59F6BB2BBAA8A4008D4C37 /* UIType.swift */ = {isa = PBXFileReference; lastKnownFileType = sourcecode.swift; path = UIType.swift; sourceTree = "<group>"; };
		4E68771D2BB6EC5300EF56DB /* MockupTapticService.swift */ = {isa = PBXFileReference; lastKnownFileType = sourcecode.swift; path = MockupTapticService.swift; sourceTree = "<group>"; };
		4E79A8F12B8EE5EE000E4CCD /* EnglishToMorseTranslateService.swift */ = {isa = PBXFileReference; lastKnownFileType = sourcecode.swift; path = EnglishToMorseTranslateService.swift; sourceTree = "<group>"; };
		4E9681362B8DC98700E14E3C /* EnglishMorse.swift */ = {isa = PBXFileReference; fileEncoding = 4; lastKnownFileType = sourcecode.swift; path = EnglishMorse.swift; sourceTree = "<group>"; };
		4E9681372B8DC98700E14E3C /* KoreanMorse.swift */ = {isa = PBXFileReference; fileEncoding = 4; lastKnownFileType = sourcecode.swift; path = KoreanMorse.swift; sourceTree = "<group>"; };
		4E9681382B8DC98700E14E3C /* MorseProtocol.swift */ = {isa = PBXFileReference; fileEncoding = 4; lastKnownFileType = sourcecode.swift; path = MorseProtocol.swift; sourceTree = "<group>"; };
		4EA5993E2B4EF3800064726E /* MoCoDot.app */ = {isa = PBXFileReference; explicitFileType = wrapper.application; includeInIndex = 0; path = MoCoDot.app; sourceTree = BUILT_PRODUCTS_DIR; };
		4EA599412B4EF3800064726E /* AppDelegate.swift */ = {isa = PBXFileReference; lastKnownFileType = sourcecode.swift; path = AppDelegate.swift; sourceTree = "<group>"; };
		4EA599432B4EF3800064726E /* SceneDelegate.swift */ = {isa = PBXFileReference; lastKnownFileType = sourcecode.swift; path = SceneDelegate.swift; sourceTree = "<group>"; };
		4EA599452B4EF3800064726E /* MorseTranslateVC.swift */ = {isa = PBXFileReference; lastKnownFileType = sourcecode.swift; path = MorseTranslateVC.swift; sourceTree = "<group>"; };
		4EA5994A2B4EF3810064726E /* Assets.xcassets */ = {isa = PBXFileReference; lastKnownFileType = folder.assetcatalog; path = Assets.xcassets; sourceTree = "<group>"; };
		4EA5994D2B4EF3810064726E /* Base */ = {isa = PBXFileReference; lastKnownFileType = file.storyboard; name = Base; path = Base.lproj/LaunchScreen.storyboard; sourceTree = "<group>"; };
		4EA5994F2B4EF3810064726E /* Info.plist */ = {isa = PBXFileReference; lastKnownFileType = text.plist.xml; path = Info.plist; sourceTree = "<group>"; };
		4ECA99152BB48D4B007C5870 /* TranslateEnglishToMorseTests.swift */ = {isa = PBXFileReference; lastKnownFileType = sourcecode.swift; path = TranslateEnglishToMorseTests.swift; sourceTree = "<group>"; };
		4ECA99172BB49357007C5870 /* KoreanToMorseTranslateProtocol.swift */ = {isa = PBXFileReference; lastKnownFileType = sourcecode.swift; path = KoreanToMorseTranslateProtocol.swift; sourceTree = "<group>"; };
		4ECA99192BB4936F007C5870 /* KoreanToMorseTranslateService.swift */ = {isa = PBXFileReference; lastKnownFileType = sourcecode.swift; path = KoreanToMorseTranslateService.swift; sourceTree = "<group>"; };
		4ECA991B2BB49915007C5870 /* TranslateKoreanToMorseTests.swift */ = {isa = PBXFileReference; lastKnownFileType = sourcecode.swift; path = TranslateKoreanToMorseTests.swift; sourceTree = "<group>"; };
		4ED734272B74950400071FEF /* MorseTranslateViewModel.swift */ = {isa = PBXFileReference; lastKnownFileType = sourcecode.swift; path = MorseTranslateViewModel.swift; sourceTree = "<group>"; };
		4ED7342C2B74964500071FEF /* DIContainer.swift */ = {isa = PBXFileReference; lastKnownFileType = sourcecode.swift; path = DIContainer.swift; sourceTree = "<group>"; };
		4ED7342E2B74965200071FEF /* DICProtocol.swift */ = {isa = PBXFileReference; lastKnownFileType = sourcecode.swift; path = DICProtocol.swift; sourceTree = "<group>"; };
		4ED734322B74971F00071FEF /* EnglishToMorseTranslateProtocol.swift */ = {isa = PBXFileReference; lastKnownFileType = sourcecode.swift; path = EnglishToMorseTranslateProtocol.swift; sourceTree = "<group>"; };
		4ED734392B749A5C00071FEF /* CustomButton.swift */ = {isa = PBXFileReference; lastKnownFileType = sourcecode.swift; path = CustomButton.swift; sourceTree = "<group>"; };
		4ED7343B2B749A6800071FEF /* CustomTextView.swift */ = {isa = PBXFileReference; lastKnownFileType = sourcecode.swift; path = CustomTextView.swift; sourceTree = "<group>"; };
		4EF230E02B7626DA001B4186 /* CustomStackView.swift */ = {isa = PBXFileReference; lastKnownFileType = sourcecode.swift; path = CustomStackView.swift; sourceTree = "<group>"; };
/* End PBXFileReference section */

/* Begin PBXFrameworksBuildPhase section */
		4E48083C2BB47C6900FBF06D /* Frameworks */ = {
			isa = PBXFrameworksBuildPhase;
			buildActionMask = 2147483647;
			files = (
			);
			runOnlyForDeploymentPostprocessing = 0;
		};
		4EA5993B2B4EF3800064726E /* Frameworks */ = {
			isa = PBXFrameworksBuildPhase;
			buildActionMask = 2147483647;
			files = (
				4EE2FE902BB87B19006882C8 /* MoCoDotLibrary in Frameworks */,
			);
			runOnlyForDeploymentPostprocessing = 0;
		};
/* End PBXFrameworksBuildPhase section */

/* Begin PBXGroup section */
		4E01C77B2BB5919800C55EC6 /* Errors */ = {
			isa = PBXGroup;
			children = (
				4E01C7792BB5917200C55EC6 /* SoundServiceError.swift */,
			);
			path = Errors;
			sourceTree = "<group>";
		};
		4E02DE752BB6AE5D0039E6DC /* Enums */ = {
			isa = PBXGroup;
			children = (
				4E59F6B42BBA880F008D4C37 /* LanguageModel.swift */,
				4E59F6B82BBAA869008D4C37 /* DarkMode.swift */,
				4E59F6BB2BBAA8A4008D4C37 /* UIType.swift */,
			);
			path = Enums;
			sourceTree = "<group>";
		};
		4E02DE762BB6AE700039E6DC /* DI Container */ = {
			isa = PBXGroup;
			children = (
				4ED7342E2B74965200071FEF /* DICProtocol.swift */,
				4ED7342C2B74964500071FEF /* DIContainer.swift */,
			);
			path = "DI Container";
			sourceTree = "<group>";
		};
		4E29AC992BB595690023FD4F /* Protocols */ = {
			isa = PBXGroup;
			children = (
				4E9681382B8DC98700E14E3C /* MorseProtocol.swift */,
				4ED734322B74971F00071FEF /* EnglishToMorseTranslateProtocol.swift */,
				4ECA99172BB49357007C5870 /* KoreanToMorseTranslateProtocol.swift */,
				4E01C76B2BB565A600C55EC6 /* SoundServiceProtocol.swift */,
				4E01C7752BB57D8200C55EC6 /* FlashServiceProtocol.swift */,
				4E29AC972BB595510023FD4F /* TapticServiceProtocol.swift */,
			);
			path = Protocols;
			sourceTree = "<group>";
		};
		4E4808402BB47C6900FBF06D /* MoCoDotTests */ = {
			isa = PBXGroup;
			children = (
				4ECA99152BB48D4B007C5870 /* TranslateEnglishToMorseTests.swift */,
				4ECA991B2BB49915007C5870 /* TranslateKoreanToMorseTests.swift */,
			);
			path = MoCoDotTests;
			sourceTree = "<group>";
		};
		4E5505B62BB7AF9D00027181 /* Mp3 */ = {
			isa = PBXGroup;
			children = (
				4E01C7732BB56CF800C55EC6 /* silence.mp3 */,
				4E01C76F2BB5665D00C55EC6 /* beep_long.mp3 */,
				4E01C7702BB5665D00C55EC6 /* beep_short.mp3 */,
			);
			path = Mp3;
			sourceTree = "<group>";
		};
		4E59F6BA2BBAA883008D4C37 /* Morse */ = {
			isa = PBXGroup;
			children = (
				4E9681362B8DC98700E14E3C /* EnglishMorse.swift */,
				4E9681372B8DC98700E14E3C /* KoreanMorse.swift */,
			);
			path = Morse;
			sourceTree = "<group>";
		};
		4E68771F2BB6EC7100EF56DB /* Mocks */ = {
			isa = PBXGroup;
			children = (
				4E68771D2BB6EC5300EF56DB /* MockupTapticService.swift */,
			);
			path = Mocks;
			sourceTree = "<group>";
		};
		4E79A8F02B8EE5CB000E4CCD /* Services */ = {
			isa = PBXGroup;
			children = (
				4E79A8F12B8EE5EE000E4CCD /* EnglishToMorseTranslateService.swift */,
				4ECA99192BB4936F007C5870 /* KoreanToMorseTranslateService.swift */,
				4E01C76D2BB5660600C55EC6 /* SoundService.swift */,
				4E01C7772BB58EDC00C55EC6 /* FlashService.swift */,
				4E02DE732BB6AE430039E6DC /* TapticService.swift */,
			);
			path = Services;
			sourceTree = "<group>";
		};
		4EA599352B4EF3800064726E = {
			isa = PBXGroup;
			children = (
				4EA599402B4EF3800064726E /* MoCoDot */,
				4E4808402BB47C6900FBF06D /* MoCoDotTests */,
				4EA5993F2B4EF3800064726E /* Products */,
				4EE2FE8E2BB87B19006882C8 /* Frameworks */,
			);
			sourceTree = "<group>";
		};
		4EA5993F2B4EF3800064726E /* Products */ = {
			isa = PBXGroup;
			children = (
				4EA5993E2B4EF3800064726E /* MoCoDot.app */,
				4E48083F2BB47C6900FBF06D /* MoCoDotTests.xctest */,
			);
			name = Products;
			sourceTree = "<group>";
		};
		4EA599402B4EF3800064726E /* MoCoDot */ = {
			isa = PBXGroup;
			children = (
				4ED734312B7496F400071FEF /* Resources */,
				4ED734302B7496EC00071FEF /* Model */,
				4ED7342B2B74962700071FEF /* Helpers */,
				4ED734292B74950900071FEF /* View */,
				4ED7342A2B74951600071FEF /* ViewModel */,
				4EA5994F2B4EF3810064726E /* Info.plist */,
			);
			path = MoCoDot;
			sourceTree = "<group>";
		};
		4ED734292B74950900071FEF /* View */ = {
			isa = PBXGroup;
			children = (
				4EA599452B4EF3800064726E /* MorseTranslateVC.swift */,
				4ED7343D2B749A7D00071FEF /* Subcomponents */,
			);
			path = View;
			sourceTree = "<group>";
		};
		4ED7342A2B74951600071FEF /* ViewModel */ = {
			isa = PBXGroup;
			children = (
				4ED734272B74950400071FEF /* MorseTranslateViewModel.swift */,
			);
			path = ViewModel;
			sourceTree = "<group>";
		};
		4ED7342B2B74962700071FEF /* Helpers */ = {
			isa = PBXGroup;
			children = (
				4E59F6B62BBAA840008D4C37 /* ModeManager.swift */,
				4E01C77B2BB5919800C55EC6 /* Errors */,
				4E79A8F02B8EE5CB000E4CCD /* Services */,
				4E02DE762BB6AE700039E6DC /* DI Container */,
			);
			path = Helpers;
			sourceTree = "<group>";
		};
		4ED734302B7496EC00071FEF /* Model */ = {
			isa = PBXGroup;
			children = (
				4E29AC992BB595690023FD4F /* Protocols */,
				4E59F6BA2BBAA883008D4C37 /* Morse */,
				4E02DE752BB6AE5D0039E6DC /* Enums */,
				4E68771F2BB6EC7100EF56DB /* Mocks */,
			);
			path = Model;
			sourceTree = "<group>";
		};
		4ED734312B7496F400071FEF /* Resources */ = {
			isa = PBXGroup;
			children = (
				4EA599412B4EF3800064726E /* AppDelegate.swift */,
				4EA599432B4EF3800064726E /* SceneDelegate.swift */,
				4EA5994A2B4EF3810064726E /* Assets.xcassets */,
				4EA5994C2B4EF3810064726E /* LaunchScreen.storyboard */,
				4E5505B62BB7AF9D00027181 /* Mp3 */,
			);
			path = Resources;
			sourceTree = "<group>";
		};
		4ED7343D2B749A7D00071FEF /* Subcomponents */ = {
			isa = PBXGroup;
			children = (
				4ED734392B749A5C00071FEF /* CustomButton.swift */,
				4ED7343B2B749A6800071FEF /* CustomTextView.swift */,
				4EF230E02B7626DA001B4186 /* CustomStackView.swift */,
			);
			path = Subcomponents;
			sourceTree = "<group>";
		};
		4EE2FE8E2BB87B19006882C8 /* Frameworks */ = {
			isa = PBXGroup;
			children = (
			);
			name = Frameworks;
			sourceTree = "<group>";
		};
/* End PBXGroup section */

/* Begin PBXNativeTarget section */
		4E48083E2BB47C6900FBF06D /* MoCoDotTests */ = {
			isa = PBXNativeTarget;
			buildConfigurationList = 4E4808452BB47C6900FBF06D /* Build configuration list for PBXNativeTarget "MoCoDotTests" */;
			buildPhases = (
				4E48083B2BB47C6900FBF06D /* Sources */,
				4E48083C2BB47C6900FBF06D /* Frameworks */,
				4E48083D2BB47C6900FBF06D /* Resources */,
			);
			buildRules = (
			);
			dependencies = (
				4E4808442BB47C6900FBF06D /* PBXTargetDependency */,
			);
			name = MoCoDotTests;
			productName = MoCoDotTests;
			productReference = 4E48083F2BB47C6900FBF06D /* MoCoDotTests.xctest */;
			productType = "com.apple.product-type.bundle.unit-test";
		};
		4EA5993D2B4EF3800064726E /* MoCoDot */ = {
			isa = PBXNativeTarget;
			buildConfigurationList = 4EA599522B4EF3810064726E /* Build configuration list for PBXNativeTarget "MoCoDot" */;
			buildPhases = (
				4EA5993A2B4EF3800064726E /* Sources */,
				4EA5993B2B4EF3800064726E /* Frameworks */,
				4EA5993C2B4EF3800064726E /* Resources */,
			);
			buildRules = (
			);
			dependencies = (
			);
			name = MoCoDot;
			packageProductDependencies = (
				4EE2FE8F2BB87B19006882C8 /* MoCoDotLibrary */,
			);
			productName = MoCoDot;
			productReference = 4EA5993E2B4EF3800064726E /* MoCoDot.app */;
			productType = "com.apple.product-type.application";
		};
/* End PBXNativeTarget section */

/* Begin PBXProject section */
		4EA599362B4EF3800064726E /* Project object */ = {
			isa = PBXProject;
			attributes = {
				BuildIndependentTargetsInParallel = 1;
				LastSwiftUpdateCheck = 1530;
				LastUpgradeCheck = 1520;
				TargetAttributes = {
					4E48083E2BB47C6900FBF06D = {
						CreatedOnToolsVersion = 15.3;
						TestTargetID = 4EA5993D2B4EF3800064726E;
					};
					4EA5993D2B4EF3800064726E = {
						CreatedOnToolsVersion = 15.2;
					};
				};
			};
			buildConfigurationList = 4EA599392B4EF3800064726E /* Build configuration list for PBXProject "MoCoDot" */;
			compatibilityVersion = "Xcode 14.0";
			developmentRegion = en;
			hasScannedForEncodings = 0;
			knownRegions = (
				en,
				Base,
			);
			mainGroup = 4EA599352B4EF3800064726E;
			packageReferences = (
				4EE2FE8D2BB87815006882C8 /* XCRemoteSwiftPackageReference "MoCoDotLibrary" */,
			);
			productRefGroup = 4EA5993F2B4EF3800064726E /* Products */;
			projectDirPath = "";
			projectRoot = "";
			targets = (
				4EA5993D2B4EF3800064726E /* MoCoDot */,
				4E48083E2BB47C6900FBF06D /* MoCoDotTests */,
			);
		};
/* End PBXProject section */

/* Begin PBXResourcesBuildPhase section */
		4E48083D2BB47C6900FBF06D /* Resources */ = {
			isa = PBXResourcesBuildPhase;
			buildActionMask = 2147483647;
			files = (
			);
			runOnlyForDeploymentPostprocessing = 0;
		};
		4EA5993C2B4EF3800064726E /* Resources */ = {
			isa = PBXResourcesBuildPhase;
			buildActionMask = 2147483647;
			files = (
				4E01C7742BB56CF800C55EC6 /* silence.mp3 in Resources */,
				4EA5994E2B4EF3810064726E /* LaunchScreen.storyboard in Resources */,
				4E01C7712BB5665D00C55EC6 /* beep_long.mp3 in Resources */,
				4EA5994B2B4EF3810064726E /* Assets.xcassets in Resources */,
				4E01C7722BB5665D00C55EC6 /* beep_short.mp3 in Resources */,
			);
			runOnlyForDeploymentPostprocessing = 0;
		};
/* End PBXResourcesBuildPhase section */

/* Begin PBXSourcesBuildPhase section */
		4E48083B2BB47C6900FBF06D /* Sources */ = {
			isa = PBXSourcesBuildPhase;
			buildActionMask = 2147483647;
			files = (
				4ECA991C2BB49915007C5870 /* TranslateKoreanToMorseTests.swift in Sources */,
				4ECA99162BB48D4B007C5870 /* TranslateEnglishToMorseTests.swift in Sources */,
			);
			runOnlyForDeploymentPostprocessing = 0;
		};
		4EA5993A2B4EF3800064726E /* Sources */ = {
			isa = PBXSourcesBuildPhase;
			buildActionMask = 2147483647;
			files = (
				4E01C7762BB57D8200C55EC6 /* FlashServiceProtocol.swift in Sources */,
				4EF230E12B7626DA001B4186 /* CustomStackView.swift in Sources */,
				4E79A8F22B8EE5EE000E4CCD /* EnglishToMorseTranslateService.swift in Sources */,
				4EA599462B4EF3800064726E /* MorseTranslateVC.swift in Sources */,
				4ED734332B74971F00071FEF /* EnglishToMorseTranslateProtocol.swift in Sources */,
				4ED7343C2B749A6800071FEF /* CustomTextView.swift in Sources */,
				4E01C7782BB58EDC00C55EC6 /* FlashService.swift in Sources */,
				4EA599422B4EF3800064726E /* AppDelegate.swift in Sources */,
				4ECA99182BB49357007C5870 /* KoreanToMorseTranslateProtocol.swift in Sources */,
				4E01C76E2BB5660600C55EC6 /* SoundService.swift in Sources */,
				4E59F6BC2BBAA8A4008D4C37 /* UIType.swift in Sources */,
				4E9681392B8DC98700E14E3C /* EnglishMorse.swift in Sources */,
				4E02DE742BB6AE430039E6DC /* TapticService.swift in Sources */,
				4E59F6B72BBAA840008D4C37 /* ModeManager.swift in Sources */,
				4E96813A2B8DC98700E14E3C /* KoreanMorse.swift in Sources */,
				4E01C77A2BB5917200C55EC6 /* SoundServiceError.swift in Sources */,
				4E59F6B52BBA880F008D4C37 /* LanguageModel.swift in Sources */,
				4ECA991A2BB4936F007C5870 /* KoreanToMorseTranslateService.swift in Sources */,
				4ED7342D2B74964500071FEF /* DIContainer.swift in Sources */,
				4E59F6B92BBAA869008D4C37 /* DarkMode.swift in Sources */,
				4ED7343A2B749A5C00071FEF /* CustomButton.swift in Sources */,
				4EA599442B4EF3800064726E /* SceneDelegate.swift in Sources */,
				4E96813B2B8DC98700E14E3C /* MorseProtocol.swift in Sources */,
				4E29AC982BB595510023FD4F /* TapticServiceProtocol.swift in Sources */,
				4E01C76C2BB565A600C55EC6 /* SoundServiceProtocol.swift in Sources */,
				4ED7342F2B74965200071FEF /* DICProtocol.swift in Sources */,
				4ED734282B74950400071FEF /* MorseTranslateViewModel.swift in Sources */,
				4E68771E2BB6EC5300EF56DB /* MockupTapticService.swift in Sources */,
			);
			runOnlyForDeploymentPostprocessing = 0;
		};
/* End PBXSourcesBuildPhase section */

/* Begin PBXTargetDependency section */
		4E4808442BB47C6900FBF06D /* PBXTargetDependency */ = {
			isa = PBXTargetDependency;
			target = 4EA5993D2B4EF3800064726E /* MoCoDot */;
			targetProxy = 4E4808432BB47C6900FBF06D /* PBXContainerItemProxy */;
		};
/* End PBXTargetDependency section */

/* Begin PBXVariantGroup section */
		4EA5994C2B4EF3810064726E /* LaunchScreen.storyboard */ = {
			isa = PBXVariantGroup;
			children = (
				4EA5994D2B4EF3810064726E /* Base */,
			);
			name = LaunchScreen.storyboard;
			sourceTree = "<group>";
		};
/* End PBXVariantGroup section */

/* Begin XCBuildConfiguration section */
		4E4808462BB47C6900FBF06D /* Debug */ = {
			isa = XCBuildConfiguration;
			buildSettings = {
				BUNDLE_LOADER = "$(TEST_HOST)";
				CODE_SIGN_STYLE = Automatic;
				CURRENT_PROJECT_VERSION = 1;
				DEVELOPMENT_TEAM = 4MN45GZSDT;
				GENERATE_INFOPLIST_FILE = YES;
				IPHONEOS_DEPLOYMENT_TARGET = 16.0;
				MARKETING_VERSION = 1.0;
				PRODUCT_BUNDLE_IDENTIFIER = com.Junwoo.Jununu.MoCoDotTests;
				PRODUCT_NAME = "$(TARGET_NAME)";
				SUPPORTED_PLATFORMS = "iphoneos iphonesimulator";
				SUPPORTS_MACCATALYST = NO;
				SUPPORTS_MAC_DESIGNED_FOR_IPHONE_IPAD = NO;
				SUPPORTS_XR_DESIGNED_FOR_IPHONE_IPAD = NO;
				SWIFT_EMIT_LOC_STRINGS = NO;
				SWIFT_VERSION = 5.0;
				TARGETED_DEVICE_FAMILY = "1,2";
				TEST_HOST = "$(BUILT_PRODUCTS_DIR)/MoCoDot.app/$(BUNDLE_EXECUTABLE_FOLDER_PATH)/MoCoDot";
			};
			name = Debug;
		};
		4E4808472BB47C6900FBF06D /* Release */ = {
			isa = XCBuildConfiguration;
			buildSettings = {
				BUNDLE_LOADER = "$(TEST_HOST)";
				CODE_SIGN_STYLE = Automatic;
				CURRENT_PROJECT_VERSION = 1;
				DEVELOPMENT_TEAM = 4MN45GZSDT;
				GENERATE_INFOPLIST_FILE = YES;
				IPHONEOS_DEPLOYMENT_TARGET = 16.0;
				MARKETING_VERSION = 1.0;
				PRODUCT_BUNDLE_IDENTIFIER = com.Junwoo.Jununu.MoCoDotTests;
				PRODUCT_NAME = "$(TARGET_NAME)";
				SUPPORTED_PLATFORMS = "iphoneos iphonesimulator";
				SUPPORTS_MACCATALYST = NO;
				SUPPORTS_MAC_DESIGNED_FOR_IPHONE_IPAD = NO;
				SUPPORTS_XR_DESIGNED_FOR_IPHONE_IPAD = NO;
				SWIFT_EMIT_LOC_STRINGS = NO;
				SWIFT_VERSION = 5.0;
				TARGETED_DEVICE_FAMILY = "1,2";
				TEST_HOST = "$(BUILT_PRODUCTS_DIR)/MoCoDot.app/$(BUNDLE_EXECUTABLE_FOLDER_PATH)/MoCoDot";
			};
			name = Release;
		};
		4E68773B2BB7180700EF56DB /* Development */ = {
			isa = XCBuildConfiguration;
			buildSettings = {
				ALWAYS_SEARCH_USER_PATHS = NO;
				ASSETCATALOG_COMPILER_GENERATE_SWIFT_ASSET_SYMBOL_EXTENSIONS = YES;
				CLANG_ANALYZER_NONNULL = YES;
				CLANG_ANALYZER_NUMBER_OBJECT_CONVERSION = YES_AGGRESSIVE;
				CLANG_CXX_LANGUAGE_STANDARD = "gnu++20";
				CLANG_ENABLE_MODULES = YES;
				CLANG_ENABLE_OBJC_ARC = YES;
				CLANG_ENABLE_OBJC_WEAK = YES;
				CLANG_WARN_BLOCK_CAPTURE_AUTORELEASING = YES;
				CLANG_WARN_BOOL_CONVERSION = YES;
				CLANG_WARN_COMMA = YES;
				CLANG_WARN_CONSTANT_CONVERSION = YES;
				CLANG_WARN_DEPRECATED_OBJC_IMPLEMENTATIONS = YES;
				CLANG_WARN_DIRECT_OBJC_ISA_USAGE = YES_ERROR;
				CLANG_WARN_DOCUMENTATION_COMMENTS = YES;
				CLANG_WARN_EMPTY_BODY = YES;
				CLANG_WARN_ENUM_CONVERSION = YES;
				CLANG_WARN_INFINITE_RECURSION = YES;
				CLANG_WARN_INT_CONVERSION = YES;
				CLANG_WARN_NON_LITERAL_NULL_CONVERSION = YES;
				CLANG_WARN_OBJC_IMPLICIT_RETAIN_SELF = YES;
				CLANG_WARN_OBJC_LITERAL_CONVERSION = YES;
				CLANG_WARN_OBJC_ROOT_CLASS = YES_ERROR;
				CLANG_WARN_QUOTED_INCLUDE_IN_FRAMEWORK_HEADER = YES;
				CLANG_WARN_RANGE_LOOP_ANALYSIS = YES;
				CLANG_WARN_STRICT_PROTOTYPES = YES;
				CLANG_WARN_SUSPICIOUS_MOVE = YES;
				CLANG_WARN_UNGUARDED_AVAILABILITY = YES_AGGRESSIVE;
				CLANG_WARN_UNREACHABLE_CODE = YES;
				CLANG_WARN__DUPLICATE_METHOD_MATCH = YES;
				COPY_PHASE_STRIP = NO;
				DEBUG_INFORMATION_FORMAT = dwarf;
				ENABLE_STRICT_OBJC_MSGSEND = YES;
				ENABLE_TESTABILITY = YES;
				ENABLE_USER_SCRIPT_SANDBOXING = YES;
				GCC_C_LANGUAGE_STANDARD = gnu17;
				GCC_DYNAMIC_NO_PIC = NO;
				GCC_NO_COMMON_BLOCKS = YES;
				GCC_OPTIMIZATION_LEVEL = 0;
				GCC_PREPROCESSOR_DEFINITIONS = (
					"DEBUG=1",
					"$(inherited)",
				);
				GCC_WARN_64_TO_32_BIT_CONVERSION = YES;
				GCC_WARN_ABOUT_RETURN_TYPE = YES_ERROR;
				GCC_WARN_UNDECLARED_SELECTOR = YES;
				GCC_WARN_UNINITIALIZED_AUTOS = YES_AGGRESSIVE;
				GCC_WARN_UNUSED_FUNCTION = YES;
				GCC_WARN_UNUSED_VARIABLE = YES;
				IPHONEOS_DEPLOYMENT_TARGET = 16.0;
				LOCALIZATION_PREFERS_STRING_CATALOGS = YES;
				MTL_ENABLE_DEBUG_INFO = INCLUDE_SOURCE;
				MTL_FAST_MATH = YES;
				ONLY_ACTIVE_ARCH = YES;
				OTHER_SWIFT_FLAGS = "-D DEVELOPMENT";
				SDKROOT = iphoneos;
				SWIFT_ACTIVE_COMPILATION_CONDITIONS = "DEBUG $(inherited)";
				SWIFT_OPTIMIZATION_LEVEL = "-Onone";
			};
			name = Development;
		};
		4E68773C2BB7180700EF56DB /* Development */ = {
			isa = XCBuildConfiguration;
			buildSettings = {
				ASSETCATALOG_COMPILER_APPICON_NAME = AppIcon;
				ASSETCATALOG_COMPILER_GLOBAL_ACCENT_COLOR_NAME = AccentColor;
				CODE_SIGN_STYLE = Automatic;
				CURRENT_PROJECT_VERSION = 1;
				DEVELOPMENT_TEAM = 4MN45GZSDT;
				GENERATE_INFOPLIST_FILE = YES;
				INFOPLIST_FILE = MoCoDot/Info.plist;
				INFOPLIST_KEY_UIApplicationSupportsIndirectInputEvents = YES;
				INFOPLIST_KEY_UILaunchStoryboardName = LaunchScreen;
				INFOPLIST_KEY_UISupportedInterfaceOrientations_iPad = "UIInterfaceOrientationPortrait UIInterfaceOrientationPortraitUpsideDown UIInterfaceOrientationLandscapeLeft UIInterfaceOrientationLandscapeRight";
				INFOPLIST_KEY_UISupportedInterfaceOrientations_iPhone = "UIInterfaceOrientationPortrait UIInterfaceOrientationLandscapeLeft UIInterfaceOrientationLandscapeRight";
				IPHONEOS_DEPLOYMENT_TARGET = 16.0;
				LD_RUNPATH_SEARCH_PATHS = (
					"$(inherited)",
					"@executable_path/Frameworks",
				);
				MARKETING_VERSION = 1.0;
				PRODUCT_BUNDLE_IDENTIFIER = com.Junwoo.Jununu.MoCoDot;
				PRODUCT_NAME = "$(TARGET_NAME)";
				SWIFT_EMIT_LOC_STRINGS = YES;
				SWIFT_VERSION = 5.0;
				TARGETED_DEVICE_FAMILY = "1,2";
			};
			name = Development;
		};
		4E68773D2BB7180700EF56DB /* Development */ = {
			isa = XCBuildConfiguration;
			buildSettings = {
				BUNDLE_LOADER = "$(TEST_HOST)";
				CODE_SIGN_STYLE = Automatic;
				CURRENT_PROJECT_VERSION = 1;
				DEVELOPMENT_TEAM = 4MN45GZSDT;
				GENERATE_INFOPLIST_FILE = YES;
				IPHONEOS_DEPLOYMENT_TARGET = 16.0;
				MARKETING_VERSION = 1.0;
				PRODUCT_BUNDLE_IDENTIFIER = com.Junwoo.Jununu.MoCoDotTests;
				PRODUCT_NAME = "$(TARGET_NAME)";
				SUPPORTED_PLATFORMS = "iphoneos iphonesimulator";
				SUPPORTS_MACCATALYST = NO;
				SUPPORTS_MAC_DESIGNED_FOR_IPHONE_IPAD = NO;
				SUPPORTS_XR_DESIGNED_FOR_IPHONE_IPAD = NO;
				SWIFT_EMIT_LOC_STRINGS = NO;
				SWIFT_VERSION = 5.0;
				TARGETED_DEVICE_FAMILY = "1,2";
				TEST_HOST = "$(BUILT_PRODUCTS_DIR)/MoCoDot.app/$(BUNDLE_EXECUTABLE_FOLDER_PATH)/MoCoDot";
			};
			name = Development;
		};
		4EA599502B4EF3810064726E /* Debug */ = {
			isa = XCBuildConfiguration;
			buildSettings = {
				ALWAYS_SEARCH_USER_PATHS = NO;
				ASSETCATALOG_COMPILER_GENERATE_SWIFT_ASSET_SYMBOL_EXTENSIONS = YES;
				CLANG_ANALYZER_NONNULL = YES;
				CLANG_ANALYZER_NUMBER_OBJECT_CONVERSION = YES_AGGRESSIVE;
				CLANG_CXX_LANGUAGE_STANDARD = "gnu++20";
				CLANG_ENABLE_MODULES = YES;
				CLANG_ENABLE_OBJC_ARC = YES;
				CLANG_ENABLE_OBJC_WEAK = YES;
				CLANG_WARN_BLOCK_CAPTURE_AUTORELEASING = YES;
				CLANG_WARN_BOOL_CONVERSION = YES;
				CLANG_WARN_COMMA = YES;
				CLANG_WARN_CONSTANT_CONVERSION = YES;
				CLANG_WARN_DEPRECATED_OBJC_IMPLEMENTATIONS = YES;
				CLANG_WARN_DIRECT_OBJC_ISA_USAGE = YES_ERROR;
				CLANG_WARN_DOCUMENTATION_COMMENTS = YES;
				CLANG_WARN_EMPTY_BODY = YES;
				CLANG_WARN_ENUM_CONVERSION = YES;
				CLANG_WARN_INFINITE_RECURSION = YES;
				CLANG_WARN_INT_CONVERSION = YES;
				CLANG_WARN_NON_LITERAL_NULL_CONVERSION = YES;
				CLANG_WARN_OBJC_IMPLICIT_RETAIN_SELF = YES;
				CLANG_WARN_OBJC_LITERAL_CONVERSION = YES;
				CLANG_WARN_OBJC_ROOT_CLASS = YES_ERROR;
				CLANG_WARN_QUOTED_INCLUDE_IN_FRAMEWORK_HEADER = YES;
				CLANG_WARN_RANGE_LOOP_ANALYSIS = YES;
				CLANG_WARN_STRICT_PROTOTYPES = YES;
				CLANG_WARN_SUSPICIOUS_MOVE = YES;
				CLANG_WARN_UNGUARDED_AVAILABILITY = YES_AGGRESSIVE;
				CLANG_WARN_UNREACHABLE_CODE = YES;
				CLANG_WARN__DUPLICATE_METHOD_MATCH = YES;
				COPY_PHASE_STRIP = NO;
				DEBUG_INFORMATION_FORMAT = dwarf;
				ENABLE_STRICT_OBJC_MSGSEND = YES;
				ENABLE_TESTABILITY = YES;
				ENABLE_USER_SCRIPT_SANDBOXING = YES;
				GCC_C_LANGUAGE_STANDARD = gnu17;
				GCC_DYNAMIC_NO_PIC = NO;
				GCC_NO_COMMON_BLOCKS = YES;
				GCC_OPTIMIZATION_LEVEL = 0;
				GCC_PREPROCESSOR_DEFINITIONS = (
					"DEBUG=1",
					"$(inherited)",
				);
				GCC_WARN_64_TO_32_BIT_CONVERSION = YES;
				GCC_WARN_ABOUT_RETURN_TYPE = YES_ERROR;
				GCC_WARN_UNDECLARED_SELECTOR = YES;
				GCC_WARN_UNINITIALIZED_AUTOS = YES_AGGRESSIVE;
				GCC_WARN_UNUSED_FUNCTION = YES;
				GCC_WARN_UNUSED_VARIABLE = YES;
				IPHONEOS_DEPLOYMENT_TARGET = 16.0;
				LOCALIZATION_PREFERS_STRING_CATALOGS = YES;
				MTL_ENABLE_DEBUG_INFO = INCLUDE_SOURCE;
				MTL_FAST_MATH = YES;
				ONLY_ACTIVE_ARCH = YES;
				SDKROOT = iphoneos;
				SWIFT_ACTIVE_COMPILATION_CONDITIONS = "DEBUG $(inherited)";
				SWIFT_OPTIMIZATION_LEVEL = "-Onone";
			};
			name = Debug;
		};
		4EA599512B4EF3810064726E /* Release */ = {
			isa = XCBuildConfiguration;
			buildSettings = {
				ALWAYS_SEARCH_USER_PATHS = NO;
				ASSETCATALOG_COMPILER_GENERATE_SWIFT_ASSET_SYMBOL_EXTENSIONS = YES;
				CLANG_ANALYZER_NONNULL = YES;
				CLANG_ANALYZER_NUMBER_OBJECT_CONVERSION = YES_AGGRESSIVE;
				CLANG_CXX_LANGUAGE_STANDARD = "gnu++20";
				CLANG_ENABLE_MODULES = YES;
				CLANG_ENABLE_OBJC_ARC = YES;
				CLANG_ENABLE_OBJC_WEAK = YES;
				CLANG_WARN_BLOCK_CAPTURE_AUTORELEASING = YES;
				CLANG_WARN_BOOL_CONVERSION = YES;
				CLANG_WARN_COMMA = YES;
				CLANG_WARN_CONSTANT_CONVERSION = YES;
				CLANG_WARN_DEPRECATED_OBJC_IMPLEMENTATIONS = YES;
				CLANG_WARN_DIRECT_OBJC_ISA_USAGE = YES_ERROR;
				CLANG_WARN_DOCUMENTATION_COMMENTS = YES;
				CLANG_WARN_EMPTY_BODY = YES;
				CLANG_WARN_ENUM_CONVERSION = YES;
				CLANG_WARN_INFINITE_RECURSION = YES;
				CLANG_WARN_INT_CONVERSION = YES;
				CLANG_WARN_NON_LITERAL_NULL_CONVERSION = YES;
				CLANG_WARN_OBJC_IMPLICIT_RETAIN_SELF = YES;
				CLANG_WARN_OBJC_LITERAL_CONVERSION = YES;
				CLANG_WARN_OBJC_ROOT_CLASS = YES_ERROR;
				CLANG_WARN_QUOTED_INCLUDE_IN_FRAMEWORK_HEADER = YES;
				CLANG_WARN_RANGE_LOOP_ANALYSIS = YES;
				CLANG_WARN_STRICT_PROTOTYPES = YES;
				CLANG_WARN_SUSPICIOUS_MOVE = YES;
				CLANG_WARN_UNGUARDED_AVAILABILITY = YES_AGGRESSIVE;
				CLANG_WARN_UNREACHABLE_CODE = YES;
				CLANG_WARN__DUPLICATE_METHOD_MATCH = YES;
				COPY_PHASE_STRIP = NO;
				DEBUG_INFORMATION_FORMAT = "dwarf-with-dsym";
				ENABLE_NS_ASSERTIONS = NO;
				ENABLE_STRICT_OBJC_MSGSEND = YES;
				ENABLE_TESTABILITY = NO;
				ENABLE_USER_SCRIPT_SANDBOXING = YES;
				GCC_C_LANGUAGE_STANDARD = gnu17;
				GCC_NO_COMMON_BLOCKS = YES;
				GCC_WARN_64_TO_32_BIT_CONVERSION = YES;
				GCC_WARN_ABOUT_RETURN_TYPE = YES_ERROR;
				GCC_WARN_UNDECLARED_SELECTOR = YES;
				GCC_WARN_UNINITIALIZED_AUTOS = YES_AGGRESSIVE;
				GCC_WARN_UNUSED_FUNCTION = YES;
				GCC_WARN_UNUSED_VARIABLE = YES;
				IPHONEOS_DEPLOYMENT_TARGET = 16.0;
				LOCALIZATION_PREFERS_STRING_CATALOGS = YES;
				MTL_ENABLE_DEBUG_INFO = NO;
				MTL_FAST_MATH = YES;
				SDKROOT = iphoneos;
				SWIFT_COMPILATION_MODE = wholemodule;
				VALIDATE_PRODUCT = YES;
			};
			name = Release;
		};
		4EA599532B4EF3810064726E /* Debug */ = {
			isa = XCBuildConfiguration;
			buildSettings = {
				ASSETCATALOG_COMPILER_APPICON_NAME = AppIcon;
				ASSETCATALOG_COMPILER_GLOBAL_ACCENT_COLOR_NAME = AccentColor;
				CODE_SIGN_STYLE = Automatic;
				CURRENT_PROJECT_VERSION = 1;
				DEVELOPMENT_TEAM = 4MN45GZSDT;
				GENERATE_INFOPLIST_FILE = YES;
				INFOPLIST_FILE = MoCoDot/Info.plist;
				INFOPLIST_KEY_UIApplicationSupportsIndirectInputEvents = YES;
				INFOPLIST_KEY_UILaunchStoryboardName = LaunchScreen;
				INFOPLIST_KEY_UISupportedInterfaceOrientations_iPad = "UIInterfaceOrientationPortrait UIInterfaceOrientationPortraitUpsideDown UIInterfaceOrientationLandscapeLeft UIInterfaceOrientationLandscapeRight";
				INFOPLIST_KEY_UISupportedInterfaceOrientations_iPhone = "UIInterfaceOrientationPortrait UIInterfaceOrientationLandscapeLeft UIInterfaceOrientationLandscapeRight";
				IPHONEOS_DEPLOYMENT_TARGET = 16.0;
				LD_RUNPATH_SEARCH_PATHS = (
					"$(inherited)",
					"@executable_path/Frameworks",
				);
				MARKETING_VERSION = 1.0;
				PRODUCT_BUNDLE_IDENTIFIER = com.Junwoo.Jununu.MoCoDot;
				PRODUCT_NAME = "$(TARGET_NAME)";
				SWIFT_EMIT_LOC_STRINGS = YES;
				SWIFT_VERSION = 5.0;
				TARGETED_DEVICE_FAMILY = "1,2";
			};
			name = Debug;
		};
		4EA599542B4EF3810064726E /* Release */ = {
			isa = XCBuildConfiguration;
			buildSettings = {
				ASSETCATALOG_COMPILER_APPICON_NAME = AppIcon;
				ASSETCATALOG_COMPILER_GLOBAL_ACCENT_COLOR_NAME = AccentColor;
				CODE_SIGN_STYLE = Automatic;
				CURRENT_PROJECT_VERSION = 1;
				DEVELOPMENT_TEAM = 4MN45GZSDT;
				GENERATE_INFOPLIST_FILE = YES;
				INFOPLIST_FILE = MoCoDot/Info.plist;
				INFOPLIST_KEY_UIApplicationSupportsIndirectInputEvents = YES;
				INFOPLIST_KEY_UILaunchStoryboardName = LaunchScreen;
				INFOPLIST_KEY_UISupportedInterfaceOrientations_iPad = "UIInterfaceOrientationPortrait UIInterfaceOrientationPortraitUpsideDown UIInterfaceOrientationLandscapeLeft UIInterfaceOrientationLandscapeRight";
				INFOPLIST_KEY_UISupportedInterfaceOrientations_iPhone = "UIInterfaceOrientationPortrait UIInterfaceOrientationLandscapeLeft UIInterfaceOrientationLandscapeRight";
				IPHONEOS_DEPLOYMENT_TARGET = 16.0;
				LD_RUNPATH_SEARCH_PATHS = (
					"$(inherited)",
					"@executable_path/Frameworks",
				);
				MARKETING_VERSION = 1.0;
				PRODUCT_BUNDLE_IDENTIFIER = com.Junwoo.Jununu.MoCoDot;
				PRODUCT_NAME = "$(TARGET_NAME)";
				SWIFT_EMIT_LOC_STRINGS = YES;
				SWIFT_VERSION = 5.0;
				TARGETED_DEVICE_FAMILY = "1,2";
			};
			name = Release;
		};
/* End XCBuildConfiguration section */

/* Begin XCConfigurationList section */
		4E4808452BB47C6900FBF06D /* Build configuration list for PBXNativeTarget "MoCoDotTests" */ = {
			isa = XCConfigurationList;
			buildConfigurations = (
				4E4808462BB47C6900FBF06D /* Debug */,
				4E68773D2BB7180700EF56DB /* Development */,
				4E4808472BB47C6900FBF06D /* Release */,
			);
			defaultConfigurationIsVisible = 0;
			defaultConfigurationName = Release;
		};
		4EA599392B4EF3800064726E /* Build configuration list for PBXProject "MoCoDot" */ = {
			isa = XCConfigurationList;
			buildConfigurations = (
				4EA599502B4EF3810064726E /* Debug */,
				4E68773B2BB7180700EF56DB /* Development */,
				4EA599512B4EF3810064726E /* Release */,
			);
			defaultConfigurationIsVisible = 0;
			defaultConfigurationName = Release;
		};
		4EA599522B4EF3810064726E /* Build configuration list for PBXNativeTarget "MoCoDot" */ = {
			isa = XCConfigurationList;
			buildConfigurations = (
				4EA599532B4EF3810064726E /* Debug */,
				4E68773C2BB7180700EF56DB /* Development */,
				4EA599542B4EF3810064726E /* Release */,
			);
			defaultConfigurationIsVisible = 0;
			defaultConfigurationName = Release;
		};
/* End XCConfigurationList section */

/* Begin XCRemoteSwiftPackageReference section */
		4EE2FE8D2BB87815006882C8 /* XCRemoteSwiftPackageReference "MoCoDotLibrary" */ = {
			isa = XCRemoteSwiftPackageReference;
			repositoryURL = "https://github.com/My-iOS/MoCoDotLibrary.git";
			requirement = {
				branch = main;
				kind = branch;
			};
		};
/* End XCRemoteSwiftPackageReference section */

/* Begin XCSwiftPackageProductDependency section */
		4EE2FE8F2BB87B19006882C8 /* MoCoDotLibrary */ = {
			isa = XCSwiftPackageProductDependency;
			package = 4EE2FE8D2BB87815006882C8 /* XCRemoteSwiftPackageReference "MoCoDotLibrary" */;
			productName = MoCoDotLibrary;
		};
/* End XCSwiftPackageProductDependency section */
	};
	rootObject = 4EA599362B4EF3800064726E /* Project object */;
}
