// !$*UTF8*$!
{
	archiveVersion = 1;
	classes = {
	};
	objectVersion = 56;
	objects = {

/* Begin PBXBuildFile section */
		4E0011A52C6E96F20051EB9C /* SplashView.swift in Sources */ = {isa = PBXBuildFile; fileRef = 4E0011A42C6E96F20051EB9C /* SplashView.swift */; };
		4E0011A72C6E97130051EB9C /* MainTabView.swift in Sources */ = {isa = PBXBuildFile; fileRef = 4E0011A62C6E97130051EB9C /* MainTabView.swift */; };
		4E0011A92C6E973A0051EB9C /* LanguageTranslateView.swift in Sources */ = {isa = PBXBuildFile; fileRef = 4E0011A82C6E973A0051EB9C /* LanguageTranslateView.swift */; };
		4E0011AB2C6E97500051EB9C /* MorseTranslateView.swift in Sources */ = {isa = PBXBuildFile; fileRef = 4E0011AA2C6E97500051EB9C /* MorseTranslateView.swift */; };
		4E0011AD2C6E97740051EB9C /* QuizListView.swift in Sources */ = {isa = PBXBuildFile; fileRef = 4E0011AC2C6E97740051EB9C /* QuizListView.swift */; };
		4E0011AF2C6E978F0051EB9C /* TranslateHistoryView.swift in Sources */ = {isa = PBXBuildFile; fileRef = 4E0011AE2C6E978F0051EB9C /* TranslateHistoryView.swift */; };
		4E0011B12C6E979F0051EB9C /* TranslateBookmarkView.swift in Sources */ = {isa = PBXBuildFile; fileRef = 4E0011B02C6E979F0051EB9C /* TranslateBookmarkView.swift */; };
		4E0011B32C6E97D80051EB9C /* LanguageTranslateViewModel.swift in Sources */ = {isa = PBXBuildFile; fileRef = 4E0011B22C6E97D80051EB9C /* LanguageTranslateViewModel.swift */; };
		4E0011B52C6E97E90051EB9C /* MorseTranslateViewModel.swift in Sources */ = {isa = PBXBuildFile; fileRef = 4E0011B42C6E97E90051EB9C /* MorseTranslateViewModel.swift */; };
		4E0011B72C6E98060051EB9C /* TranslateHistoryViewModel.swift in Sources */ = {isa = PBXBuildFile; fileRef = 4E0011B62C6E98060051EB9C /* TranslateHistoryViewModel.swift */; };
		4E0011B92C6E98240051EB9C /* TranslateBookmarkViewModel.swift in Sources */ = {isa = PBXBuildFile; fileRef = 4E0011B82C6E98240051EB9C /* TranslateBookmarkViewModel.swift */; };
		4E0011BC2C6E9AB30051EB9C /* Extensions+UIImage.swift in Sources */ = {isa = PBXBuildFile; fileRef = 4E0011BB2C6E9AB30051EB9C /* Extensions+UIImage.swift */; };
		4E0011BF2C6E9B060051EB9C /* RxCocoa in Frameworks */ = {isa = PBXBuildFile; productRef = 4E0011BE2C6E9B060051EB9C /* RxCocoa */; };
		4E0011C12C6E9B060051EB9C /* RxRelay in Frameworks */ = {isa = PBXBuildFile; productRef = 4E0011C02C6E9B060051EB9C /* RxRelay */; };
		4E0011C32C6E9B060051EB9C /* RxSwift in Frameworks */ = {isa = PBXBuildFile; productRef = 4E0011C22C6E9B060051EB9C /* RxSwift */; };
		4E0011C72C6EA1550051EB9C /* TabCoordinator.swift in Sources */ = {isa = PBXBuildFile; fileRef = 4E0011C62C6EA1550051EB9C /* TabCoordinator.swift */; };
		4E0011CA2C6EA3C60051EB9C /* TabViewImageCollection.swift in Sources */ = {isa = PBXBuildFile; fileRef = 4E0011C92C6EA3C60051EB9C /* TabViewImageCollection.swift */; };
		4E0011CC2C6EA5470051EB9C /* Lottie in Frameworks */ = {isa = PBXBuildFile; productRef = 4E0011CB2C6EA5470051EB9C /* Lottie */; };
		4E0011CE2C6EA5500051EB9C /* RxDataSources in Frameworks */ = {isa = PBXBuildFile; productRef = 4E0011CD2C6EA5500051EB9C /* RxDataSources */; };
		4E0011D02C6EA5580051EB9C /* RealmSwift in Frameworks */ = {isa = PBXBuildFile; productRef = 4E0011CF2C6EA5580051EB9C /* RealmSwift */; };
		4E0011D12C6EA5580051EB9C /* RealmSwift in Embed Frameworks */ = {isa = PBXBuildFile; productRef = 4E0011CF2C6EA5580051EB9C /* RealmSwift */; settings = {ATTRIBUTES = (CodeSignOnCopy, ); }; };
		4E0011D42C6EA55E0051EB9C /* SnapKit in Frameworks */ = {isa = PBXBuildFile; productRef = 4E0011D32C6EA55E0051EB9C /* SnapKit */; };
		4E0011D62C6EA5630051EB9C /* Alamofire in Frameworks */ = {isa = PBXBuildFile; productRef = 4E0011D52C6EA5630051EB9C /* Alamofire */; };
		4E0011D82C6EA8AE0051EB9C /* LanguageCoordinator.swift in Sources */ = {isa = PBXBuildFile; fileRef = 4E0011D72C6EA8AE0051EB9C /* LanguageCoordinator.swift */; };
		4E0011DA2C6EA8BA0051EB9C /* MorseCoordinator.swift in Sources */ = {isa = PBXBuildFile; fileRef = 4E0011D92C6EA8BA0051EB9C /* MorseCoordinator.swift */; };
		4E0011DC2C6EA8C20051EB9C /* HistoryCoordinator.swift in Sources */ = {isa = PBXBuildFile; fileRef = 4E0011DB2C6EA8C20051EB9C /* HistoryCoordinator.swift */; };
		4E0011DE2C6EA8CF0051EB9C /* BookmarkCoordinator.swift in Sources */ = {isa = PBXBuildFile; fileRef = 4E0011DD2C6EA8CF0051EB9C /* BookmarkCoordinator.swift */; };
		4E01C7712BB5665D00C55EC6 /* dash.mp3 in Resources */ = {isa = PBXBuildFile; fileRef = 4E01C76F2BB5665D00C55EC6 /* dash.mp3 */; };
		4E01C7722BB5665D00C55EC6 /* dot.mp3 in Resources */ = {isa = PBXBuildFile; fileRef = 4E01C7702BB5665D00C55EC6 /* dot.mp3 */; };
		4E01C7742BB56CF800C55EC6 /* space.mp3 in Resources */ = {isa = PBXBuildFile; fileRef = 4E01C7732BB56CF800C55EC6 /* space.mp3 */; };
		4E03BD4A2C730E5200343217 /* RxGesture in Frameworks */ = {isa = PBXBuildFile; productRef = 4E03BD492C730E5200343217 /* RxGesture */; };
		4E8DC0522BBC583600698238 /* AppCoordinator.swift in Sources */ = {isa = PBXBuildFile; fileRef = 4E8DC0512BBC583600698238 /* AppCoordinator.swift */; };
		4E8DC0542BBC65C900698238 /* Coordinator+.swift in Sources */ = {isa = PBXBuildFile; fileRef = 4E8DC0532BBC65C900698238 /* Coordinator+.swift */; };
		4E9681392B8DC98700E14E3C /* MorseCode.swift in Sources */ = {isa = PBXBuildFile; fileRef = 4E9681362B8DC98700E14E3C /* MorseCode.swift */; };
		4E96813B2B8DC98700E14E3C /* MorseProtocol.swift in Sources */ = {isa = PBXBuildFile; fileRef = 4E9681382B8DC98700E14E3C /* MorseProtocol.swift */; };
		4EA599422B4EF3800064726E /* AppDelegate.swift in Sources */ = {isa = PBXBuildFile; fileRef = 4EA599412B4EF3800064726E /* AppDelegate.swift */; };
		4EA599442B4EF3800064726E /* SceneDelegate.swift in Sources */ = {isa = PBXBuildFile; fileRef = 4EA599432B4EF3800064726E /* SceneDelegate.swift */; };
		4EA5994B2B4EF3810064726E /* Assets.xcassets in Resources */ = {isa = PBXBuildFile; fileRef = 4EA5994A2B4EF3810064726E /* Assets.xcassets */; };
		4ED7342D2B74964500071FEF /* DIContainer.swift in Sources */ = {isa = PBXBuildFile; fileRef = 4ED7342C2B74964500071FEF /* DIContainer.swift */; };
		4ED7342F2B74965200071FEF /* DICProtocol.swift in Sources */ = {isa = PBXBuildFile; fileRef = 4ED7342E2B74965200071FEF /* DICProtocol.swift */; };
/* End PBXBuildFile section */

/* Begin PBXCopyFilesBuildPhase section */
		4E0011D22C6EA5580051EB9C /* Embed Frameworks */ = {
			isa = PBXCopyFilesBuildPhase;
			buildActionMask = 2147483647;
			dstPath = "";
			dstSubfolderSpec = 10;
			files = (
				4E0011D12C6EA5580051EB9C /* RealmSwift in Embed Frameworks */,
			);
			name = "Embed Frameworks";
			runOnlyForDeploymentPostprocessing = 0;
		};
		4ED1487C2BC2395500E7D40F /* Embed Foundation Extensions */ = {
			isa = PBXCopyFilesBuildPhase;
			buildActionMask = 2147483647;
			dstPath = "";
			dstSubfolderSpec = 13;
			files = (
			);
			name = "Embed Foundation Extensions";
			runOnlyForDeploymentPostprocessing = 0;
		};
/* End PBXCopyFilesBuildPhase section */

/* Begin PBXFileReference section */
		4E0011A42C6E96F20051EB9C /* SplashView.swift */ = {isa = PBXFileReference; lastKnownFileType = sourcecode.swift; path = SplashView.swift; sourceTree = "<group>"; };
		4E0011A62C6E97130051EB9C /* MainTabView.swift */ = {isa = PBXFileReference; lastKnownFileType = sourcecode.swift; path = MainTabView.swift; sourceTree = "<group>"; };
		4E0011A82C6E973A0051EB9C /* LanguageTranslateView.swift */ = {isa = PBXFileReference; lastKnownFileType = sourcecode.swift; path = LanguageTranslateView.swift; sourceTree = "<group>"; };
		4E0011AA2C6E97500051EB9C /* MorseTranslateView.swift */ = {isa = PBXFileReference; lastKnownFileType = sourcecode.swift; path = MorseTranslateView.swift; sourceTree = "<group>"; };
		4E0011AC2C6E97740051EB9C /* QuizListView.swift */ = {isa = PBXFileReference; lastKnownFileType = sourcecode.swift; path = QuizListView.swift; sourceTree = "<group>"; };
		4E0011AE2C6E978F0051EB9C /* TranslateHistoryView.swift */ = {isa = PBXFileReference; lastKnownFileType = sourcecode.swift; path = TranslateHistoryView.swift; sourceTree = "<group>"; };
		4E0011B02C6E979F0051EB9C /* TranslateBookmarkView.swift */ = {isa = PBXFileReference; lastKnownFileType = sourcecode.swift; path = TranslateBookmarkView.swift; sourceTree = "<group>"; };
		4E0011B22C6E97D80051EB9C /* LanguageTranslateViewModel.swift */ = {isa = PBXFileReference; lastKnownFileType = sourcecode.swift; path = LanguageTranslateViewModel.swift; sourceTree = "<group>"; };
		4E0011B42C6E97E90051EB9C /* MorseTranslateViewModel.swift */ = {isa = PBXFileReference; lastKnownFileType = sourcecode.swift; path = MorseTranslateViewModel.swift; sourceTree = "<group>"; };
		4E0011B62C6E98060051EB9C /* TranslateHistoryViewModel.swift */ = {isa = PBXFileReference; lastKnownFileType = sourcecode.swift; path = TranslateHistoryViewModel.swift; sourceTree = "<group>"; };
		4E0011B82C6E98240051EB9C /* TranslateBookmarkViewModel.swift */ = {isa = PBXFileReference; lastKnownFileType = sourcecode.swift; path = TranslateBookmarkViewModel.swift; sourceTree = "<group>"; };
		4E0011BB2C6E9AB30051EB9C /* Extensions+UIImage.swift */ = {isa = PBXFileReference; lastKnownFileType = sourcecode.swift; path = "Extensions+UIImage.swift"; sourceTree = "<group>"; };
		4E0011C62C6EA1550051EB9C /* TabCoordinator.swift */ = {isa = PBXFileReference; lastKnownFileType = sourcecode.swift; path = TabCoordinator.swift; sourceTree = "<group>"; };
		4E0011C92C6EA3C60051EB9C /* TabViewImageCollection.swift */ = {isa = PBXFileReference; lastKnownFileType = sourcecode.swift; path = TabViewImageCollection.swift; sourceTree = "<group>"; };
		4E0011D72C6EA8AE0051EB9C /* LanguageCoordinator.swift */ = {isa = PBXFileReference; lastKnownFileType = sourcecode.swift; path = LanguageCoordinator.swift; sourceTree = "<group>"; };
		4E0011D92C6EA8BA0051EB9C /* MorseCoordinator.swift */ = {isa = PBXFileReference; lastKnownFileType = sourcecode.swift; path = MorseCoordinator.swift; sourceTree = "<group>"; };
		4E0011DB2C6EA8C20051EB9C /* HistoryCoordinator.swift */ = {isa = PBXFileReference; lastKnownFileType = sourcecode.swift; path = HistoryCoordinator.swift; sourceTree = "<group>"; };
		4E0011DD2C6EA8CF0051EB9C /* BookmarkCoordinator.swift */ = {isa = PBXFileReference; lastKnownFileType = sourcecode.swift; path = BookmarkCoordinator.swift; sourceTree = "<group>"; };
		4E01C76F2BB5665D00C55EC6 /* dash.mp3 */ = {isa = PBXFileReference; lastKnownFileType = audio.mp3; path = dash.mp3; sourceTree = "<group>"; };
		4E01C7702BB5665D00C55EC6 /* dot.mp3 */ = {isa = PBXFileReference; lastKnownFileType = audio.mp3; path = dot.mp3; sourceTree = "<group>"; };
		4E01C7732BB56CF800C55EC6 /* space.mp3 */ = {isa = PBXFileReference; lastKnownFileType = audio.mp3; path = space.mp3; sourceTree = "<group>"; };
		4E8DC0512BBC583600698238 /* AppCoordinator.swift */ = {isa = PBXFileReference; lastKnownFileType = sourcecode.swift; path = AppCoordinator.swift; sourceTree = "<group>"; };
		4E8DC0532BBC65C900698238 /* Coordinator+.swift */ = {isa = PBXFileReference; lastKnownFileType = sourcecode.swift; path = "Coordinator+.swift"; sourceTree = "<group>"; };
		4E9681362B8DC98700E14E3C /* MorseCode.swift */ = {isa = PBXFileReference; fileEncoding = 4; lastKnownFileType = sourcecode.swift; path = MorseCode.swift; sourceTree = "<group>"; };
		4E9681382B8DC98700E14E3C /* MorseProtocol.swift */ = {isa = PBXFileReference; fileEncoding = 4; lastKnownFileType = sourcecode.swift; path = MorseProtocol.swift; sourceTree = "<group>"; };
		4EA5993E2B4EF3800064726E /* MoCoDot.app */ = {isa = PBXFileReference; explicitFileType = wrapper.application; includeInIndex = 0; path = MoCoDot.app; sourceTree = BUILT_PRODUCTS_DIR; };
		4EA599412B4EF3800064726E /* AppDelegate.swift */ = {isa = PBXFileReference; lastKnownFileType = sourcecode.swift; path = AppDelegate.swift; sourceTree = "<group>"; };
		4EA599432B4EF3800064726E /* SceneDelegate.swift */ = {isa = PBXFileReference; lastKnownFileType = sourcecode.swift; path = SceneDelegate.swift; sourceTree = "<group>"; };
		4EA5994A2B4EF3810064726E /* Assets.xcassets */ = {isa = PBXFileReference; lastKnownFileType = folder.assetcatalog; path = Assets.xcassets; sourceTree = "<group>"; };
		4EA5994F2B4EF3810064726E /* Info.plist */ = {isa = PBXFileReference; lastKnownFileType = text.plist.xml; path = Info.plist; sourceTree = "<group>"; };
		4ED7342C2B74964500071FEF /* DIContainer.swift */ = {isa = PBXFileReference; lastKnownFileType = sourcecode.swift; path = DIContainer.swift; sourceTree = "<group>"; };
		4ED7342E2B74965200071FEF /* DICProtocol.swift */ = {isa = PBXFileReference; lastKnownFileType = sourcecode.swift; path = DICProtocol.swift; sourceTree = "<group>"; };
/* End PBXFileReference section */

/* Begin PBXFrameworksBuildPhase section */
		4EA5993B2B4EF3800064726E /* Frameworks */ = {
			isa = PBXFrameworksBuildPhase;
			buildActionMask = 2147483647;
			files = (
				4E0011D62C6EA5630051EB9C /* Alamofire in Frameworks */,
				4E03BD4A2C730E5200343217 /* RxGesture in Frameworks */,
				4E0011CC2C6EA5470051EB9C /* Lottie in Frameworks */,
				4E0011D42C6EA55E0051EB9C /* SnapKit in Frameworks */,
				4E0011D02C6EA5580051EB9C /* RealmSwift in Frameworks */,
				4E0011C32C6E9B060051EB9C /* RxSwift in Frameworks */,
				4E0011CE2C6EA5500051EB9C /* RxDataSources in Frameworks */,
				4E0011C12C6E9B060051EB9C /* RxRelay in Frameworks */,
				4E0011BF2C6E9B060051EB9C /* RxCocoa in Frameworks */,
			);
			runOnlyForDeploymentPostprocessing = 0;
		};
/* End PBXFrameworksBuildPhase section */

/* Begin PBXGroup section */
		4E0011A32C6E968C0051EB9C /* Views */ = {
			isa = PBXGroup;
			children = (
				4E0011A62C6E97130051EB9C /* MainTabView.swift */,
				4E0011A42C6E96F20051EB9C /* SplashView.swift */,
				4E0011A82C6E973A0051EB9C /* LanguageTranslateView.swift */,
				4E0011AA2C6E97500051EB9C /* MorseTranslateView.swift */,
				4E0011AC2C6E97740051EB9C /* QuizListView.swift */,
				4E0011AE2C6E978F0051EB9C /* TranslateHistoryView.swift */,
				4E0011B02C6E979F0051EB9C /* TranslateBookmarkView.swift */,
			);
			path = Views;
			sourceTree = "<group>";
		};
		4E0011BA2C6E9A8A0051EB9C /* Extensions */ = {
			isa = PBXGroup;
			children = (
				4E0011BB2C6E9AB30051EB9C /* Extensions+UIImage.swift */,
			);
			path = Extensions;
			sourceTree = "<group>";
		};
		4E0011C82C6EA3BA0051EB9C /* Collections */ = {
			isa = PBXGroup;
			children = (
				4E0011C92C6EA3C60051EB9C /* TabViewImageCollection.swift */,
			);
			path = Collections;
			sourceTree = "<group>";
		};
		4E01C77B2BB5919800C55EC6 /* Errors */ = {
			isa = PBXGroup;
			children = (
			);
			path = Errors;
			sourceTree = "<group>";
		};
		4E02DE762BB6AE700039E6DC /* DI Containers */ = {
			isa = PBXGroup;
			children = (
				4ED7342E2B74965200071FEF /* DICProtocol.swift */,
				4ED7342C2B74964500071FEF /* DIContainer.swift */,
			);
			path = "DI Containers";
			sourceTree = "<group>";
		};
		4E29AC992BB595690023FD4F /* Protocols */ = {
			isa = PBXGroup;
			children = (
				4E9681382B8DC98700E14E3C /* MorseProtocol.swift */,
			);
			path = Protocols;
			sourceTree = "<group>";
		};
		4E4808402BB47C6900FBF06D /* MoCoDotTests */ = {
			isa = PBXGroup;
			children = (
			);
			path = MoCoDotTests;
			sourceTree = "<group>";
		};
		4E5505B62BB7AF9D00027181 /* MP3 */ = {
			isa = PBXGroup;
			children = (
				4E01C7732BB56CF800C55EC6 /* space.mp3 */,
				4E01C76F2BB5665D00C55EC6 /* dash.mp3 */,
				4E01C7702BB5665D00C55EC6 /* dot.mp3 */,
			);
			path = MP3;
			sourceTree = "<group>";
		};
		4E59F6BA2BBAA883008D4C37 /* Morse */ = {
			isa = PBXGroup;
			children = (
				4E9681362B8DC98700E14E3C /* MorseCode.swift */,
			);
			path = Morse;
			sourceTree = "<group>";
		};
		4E79A8F02B8EE5CB000E4CCD /* Services */ = {
			isa = PBXGroup;
			children = (
			);
			path = Services;
			sourceTree = "<group>";
		};
		4E8DC0592BBC671300698238 /* Coordinators */ = {
			isa = PBXGroup;
			children = (
				4E8DC0532BBC65C900698238 /* Coordinator+.swift */,
				4E8DC0512BBC583600698238 /* AppCoordinator.swift */,
				4E0011C62C6EA1550051EB9C /* TabCoordinator.swift */,
				4E0011D72C6EA8AE0051EB9C /* LanguageCoordinator.swift */,
				4E0011D92C6EA8BA0051EB9C /* MorseCoordinator.swift */,
				4E0011DB2C6EA8C20051EB9C /* HistoryCoordinator.swift */,
				4E0011DD2C6EA8CF0051EB9C /* BookmarkCoordinator.swift */,
			);
			path = Coordinators;
			sourceTree = "<group>";
		};
		4EA599352B4EF3800064726E = {
			isa = PBXGroup;
			children = (
				4EA599402B4EF3800064726E /* MoCoDot */,
				4E4808402BB47C6900FBF06D /* MoCoDotTests */,
				4EA5993F2B4EF3800064726E /* Products */,
				4EE2FE8E2BB87B19006882C8 /* Frameworks */,
			);
			sourceTree = "<group>";
		};
		4EA5993F2B4EF3800064726E /* Products */ = {
			isa = PBXGroup;
			children = (
				4EA5993E2B4EF3800064726E /* MoCoDot.app */,
			);
			name = Products;
			sourceTree = "<group>";
		};
		4EA599402B4EF3800064726E /* MoCoDot */ = {
			isa = PBXGroup;
			children = (
				4ED734312B7496F400071FEF /* Resources */,
				4ED7342B2B74962700071FEF /* Helpers */,
				4E8DC0592BBC671300698238 /* Coordinators */,
				4ED734302B7496EC00071FEF /* Models */,
				4ED734292B74950900071FEF /* Scenes */,
				4ED7342A2B74951600071FEF /* ViewModels */,
			);
			path = MoCoDot;
			sourceTree = "<group>";
		};
		4ED734292B74950900071FEF /* Scenes */ = {
			isa = PBXGroup;
			children = (
				4E0011A32C6E968C0051EB9C /* Views */,
				4ED7343D2B749A7D00071FEF /* Subcomponents */,
			);
			path = Scenes;
			sourceTree = "<group>";
		};
		4ED7342A2B74951600071FEF /* ViewModels */ = {
			isa = PBXGroup;
			children = (
				4E0011B22C6E97D80051EB9C /* LanguageTranslateViewModel.swift */,
				4E0011B42C6E97E90051EB9C /* MorseTranslateViewModel.swift */,
				4E0011B62C6E98060051EB9C /* TranslateHistoryViewModel.swift */,
				4E0011B82C6E98240051EB9C /* TranslateBookmarkViewModel.swift */,
			);
			path = ViewModels;
			sourceTree = "<group>";
		};
		4ED7342B2B74962700071FEF /* Helpers */ = {
			isa = PBXGroup;
			children = (
				4E0011C82C6EA3BA0051EB9C /* Collections */,
				4E0011BA2C6E9A8A0051EB9C /* Extensions */,
				4E29AC992BB595690023FD4F /* Protocols */,
				4E79A8F02B8EE5CB000E4CCD /* Services */,
				4E02DE762BB6AE700039E6DC /* DI Containers */,
				4E01C77B2BB5919800C55EC6 /* Errors */,
			);
			path = Helpers;
			sourceTree = "<group>";
		};
		4ED734302B7496EC00071FEF /* Models */ = {
			isa = PBXGroup;
			children = (
				4E59F6BA2BBAA883008D4C37 /* Morse */,
			);
			path = Models;
			sourceTree = "<group>";
		};
		4ED734312B7496F400071FEF /* Resources */ = {
			isa = PBXGroup;
			children = (
				4EA599412B4EF3800064726E /* AppDelegate.swift */,
				4EA599432B4EF3800064726E /* SceneDelegate.swift */,
				4EA5994A2B4EF3810064726E /* Assets.xcassets */,
				4EA5994F2B4EF3810064726E /* Info.plist */,
				4E5505B62BB7AF9D00027181 /* MP3 */,
			);
			path = Resources;
			sourceTree = "<group>";
		};
		4ED7343D2B749A7D00071FEF /* Subcomponents */ = {
			isa = PBXGroup;
			children = (
			);
			path = Subcomponents;
			sourceTree = "<group>";
		};
		4EE2FE8E2BB87B19006882C8 /* Frameworks */ = {
			isa = PBXGroup;
			children = (
			);
			name = Frameworks;
			sourceTree = "<group>";
		};
/* End PBXGroup section */

/* Begin PBXNativeTarget section */
		4EA5993D2B4EF3800064726E /* MoCoDot */ = {
			isa = PBXNativeTarget;
			buildConfigurationList = 4EA599522B4EF3810064726E /* Build configuration list for PBXNativeTarget "MoCoDot" */;
			buildPhases = (
				4EA5993A2B4EF3800064726E /* Sources */,
				4EA5993B2B4EF3800064726E /* Frameworks */,
				4EA5993C2B4EF3800064726E /* Resources */,
				4ED1487C2BC2395500E7D40F /* Embed Foundation Extensions */,
				4E0011D22C6EA5580051EB9C /* Embed Frameworks */,
			);
			buildRules = (
			);
			dependencies = (
			);
			name = MoCoDot;
			packageProductDependencies = (
				4E0011BE2C6E9B060051EB9C /* RxCocoa */,
				4E0011C02C6E9B060051EB9C /* RxRelay */,
				4E0011C22C6E9B060051EB9C /* RxSwift */,
				4E0011CB2C6EA5470051EB9C /* Lottie */,
				4E0011CD2C6EA5500051EB9C /* RxDataSources */,
				4E0011CF2C6EA5580051EB9C /* RealmSwift */,
				4E0011D32C6EA55E0051EB9C /* SnapKit */,
				4E0011D52C6EA5630051EB9C /* Alamofire */,
				4E03BD492C730E5200343217 /* RxGesture */,
			);
			productName = MoCoDot;
			productReference = 4EA5993E2B4EF3800064726E /* MoCoDot.app */;
			productType = "com.apple.product-type.application";
		};
/* End PBXNativeTarget section */

/* Begin PBXProject section */
		4EA599362B4EF3800064726E /* Project object */ = {
			isa = PBXProject;
			attributes = {
				BuildIndependentTargetsInParallel = 1;
				LastSwiftUpdateCheck = 1530;
				LastUpgradeCheck = 1520;
				TargetAttributes = {
					4EA5993D2B4EF3800064726E = {
						CreatedOnToolsVersion = 15.2;
					};
				};
			};
			buildConfigurationList = 4EA599392B4EF3800064726E /* Build configuration list for PBXProject "MoCoDot" */;
			compatibilityVersion = "Xcode 14.0";
			developmentRegion = en;
			hasScannedForEncodings = 0;
			knownRegions = (
				en,
				Base,
			);
			mainGroup = 4EA599352B4EF3800064726E;
			packageReferences = (
				4E00119E2C6E95580051EB9C /* XCRemoteSwiftPackageReference "lottie-ios" */,
				4E00119F2C6E95730051EB9C /* XCRemoteSwiftPackageReference "RxDataSources" */,
				4E0011A02C6E95B50051EB9C /* XCRemoteSwiftPackageReference "realm-swift" */,
				4E0011A12C6E95D20051EB9C /* XCRemoteSwiftPackageReference "SnapKit" */,
				4E0011A22C6E95E40051EB9C /* XCRemoteSwiftPackageReference "Alamofire" */,
				4E0011BD2C6E9B060051EB9C /* XCRemoteSwiftPackageReference "RxSwift" */,
				4E03BD482C730E5200343217 /* XCRemoteSwiftPackageReference "RxGesture" */,
			);
			productRefGroup = 4EA5993F2B4EF3800064726E /* Products */;
			projectDirPath = "";
			projectRoot = "";
			targets = (
				4EA5993D2B4EF3800064726E /* MoCoDot */,
			);
		};
/* End PBXProject section */

/* Begin PBXResourcesBuildPhase section */
		4EA5993C2B4EF3800064726E /* Resources */ = {
			isa = PBXResourcesBuildPhase;
			buildActionMask = 2147483647;
			files = (
				4E01C7742BB56CF800C55EC6 /* space.mp3 in Resources */,
				4E01C7712BB5665D00C55EC6 /* dash.mp3 in Resources */,
				4EA5994B2B4EF3810064726E /* Assets.xcassets in Resources */,
				4E01C7722BB5665D00C55EC6 /* dot.mp3 in Resources */,
			);
			runOnlyForDeploymentPostprocessing = 0;
		};
/* End PBXResourcesBuildPhase section */

/* Begin PBXSourcesBuildPhase section */
		4EA5993A2B4EF3800064726E /* Sources */ = {
			isa = PBXSourcesBuildPhase;
			buildActionMask = 2147483647;
			files = (
				4E0011D82C6EA8AE0051EB9C /* LanguageCoordinator.swift in Sources */,
				4EA599422B4EF3800064726E /* AppDelegate.swift in Sources */,
				4E0011C72C6EA1550051EB9C /* TabCoordinator.swift in Sources */,
				4E0011B12C6E979F0051EB9C /* TranslateBookmarkView.swift in Sources */,
				4E0011B72C6E98060051EB9C /* TranslateHistoryViewModel.swift in Sources */,
				4E0011B32C6E97D80051EB9C /* LanguageTranslateViewModel.swift in Sources */,
				4E9681392B8DC98700E14E3C /* MorseCode.swift in Sources */,
				4E8DC0522BBC583600698238 /* AppCoordinator.swift in Sources */,
				4ED7342D2B74964500071FEF /* DIContainer.swift in Sources */,
				4E8DC0542BBC65C900698238 /* Coordinator+.swift in Sources */,
				4E0011CA2C6EA3C60051EB9C /* TabViewImageCollection.swift in Sources */,
				4E0011DA2C6EA8BA0051EB9C /* MorseCoordinator.swift in Sources */,
				4EA599442B4EF3800064726E /* SceneDelegate.swift in Sources */,
				4E0011B52C6E97E90051EB9C /* MorseTranslateViewModel.swift in Sources */,
				4E0011B92C6E98240051EB9C /* TranslateBookmarkViewModel.swift in Sources */,
				4E0011AB2C6E97500051EB9C /* MorseTranslateView.swift in Sources */,
				4E96813B2B8DC98700E14E3C /* MorseProtocol.swift in Sources */,
				4E0011AF2C6E978F0051EB9C /* TranslateHistoryView.swift in Sources */,
				4E0011DE2C6EA8CF0051EB9C /* BookmarkCoordinator.swift in Sources */,
				4ED7342F2B74965200071FEF /* DICProtocol.swift in Sources */,
				4E0011BC2C6E9AB30051EB9C /* Extensions+UIImage.swift in Sources */,
				4E0011A52C6E96F20051EB9C /* SplashView.swift in Sources */,
				4E0011A92C6E973A0051EB9C /* LanguageTranslateView.swift in Sources */,
				4E0011AD2C6E97740051EB9C /* QuizListView.swift in Sources */,
				4E0011A72C6E97130051EB9C /* MainTabView.swift in Sources */,
				4E0011DC2C6EA8C20051EB9C /* HistoryCoordinator.swift in Sources */,
			);
			runOnlyForDeploymentPostprocessing = 0;
		};
/* End PBXSourcesBuildPhase section */

/* Begin XCBuildConfiguration section */
		4E68773B2BB7180700EF56DB /* Development */ = {
			isa = XCBuildConfiguration;
			buildSettings = {
				ALWAYS_SEARCH_USER_PATHS = NO;
				ASSETCATALOG_COMPILER_GENERATE_SWIFT_ASSET_SYMBOL_EXTENSIONS = YES;
				CLANG_ANALYZER_NONNULL = YES;
				CLANG_ANALYZER_NUMBER_OBJECT_CONVERSION = YES_AGGRESSIVE;
				CLANG_CXX_LANGUAGE_STANDARD = "gnu++20";
				CLANG_ENABLE_MODULES = YES;
				CLANG_ENABLE_OBJC_ARC = YES;
				CLANG_ENABLE_OBJC_WEAK = YES;
				CLANG_WARN_BLOCK_CAPTURE_AUTORELEASING = YES;
				CLANG_WARN_BOOL_CONVERSION = YES;
				CLANG_WARN_COMMA = YES;
				CLANG_WARN_CONSTANT_CONVERSION = YES;
				CLANG_WARN_DEPRECATED_OBJC_IMPLEMENTATIONS = YES;
				CLANG_WARN_DIRECT_OBJC_ISA_USAGE = YES_ERROR;
				CLANG_WARN_DOCUMENTATION_COMMENTS = YES;
				CLANG_WARN_EMPTY_BODY = YES;
				CLANG_WARN_ENUM_CONVERSION = YES;
				CLANG_WARN_INFINITE_RECURSION = YES;
				CLANG_WARN_INT_CONVERSION = YES;
				CLANG_WARN_NON_LITERAL_NULL_CONVERSION = YES;
				CLANG_WARN_OBJC_IMPLICIT_RETAIN_SELF = YES;
				CLANG_WARN_OBJC_LITERAL_CONVERSION = YES;
				CLANG_WARN_OBJC_ROOT_CLASS = YES_ERROR;
				CLANG_WARN_QUOTED_INCLUDE_IN_FRAMEWORK_HEADER = YES;
				CLANG_WARN_RANGE_LOOP_ANALYSIS = YES;
				CLANG_WARN_STRICT_PROTOTYPES = YES;
				CLANG_WARN_SUSPICIOUS_MOVE = YES;
				CLANG_WARN_UNGUARDED_AVAILABILITY = YES_AGGRESSIVE;
				CLANG_WARN_UNREACHABLE_CODE = YES;
				CLANG_WARN__DUPLICATE_METHOD_MATCH = YES;
				COPY_PHASE_STRIP = NO;
				DEBUG_INFORMATION_FORMAT = dwarf;
				ENABLE_STRICT_OBJC_MSGSEND = YES;
				ENABLE_TESTABILITY = YES;
				ENABLE_USER_SCRIPT_SANDBOXING = YES;
				GCC_C_LANGUAGE_STANDARD = gnu17;
				GCC_DYNAMIC_NO_PIC = NO;
				GCC_NO_COMMON_BLOCKS = YES;
				GCC_OPTIMIZATION_LEVEL = 0;
				GCC_PREPROCESSOR_DEFINITIONS = (
					"DEBUG=1",
					"$(inherited)",
				);
				GCC_WARN_64_TO_32_BIT_CONVERSION = YES;
				GCC_WARN_ABOUT_RETURN_TYPE = YES_ERROR;
				GCC_WARN_UNDECLARED_SELECTOR = YES;
				GCC_WARN_UNINITIALIZED_AUTOS = YES_AGGRESSIVE;
				GCC_WARN_UNUSED_FUNCTION = YES;
				GCC_WARN_UNUSED_VARIABLE = YES;
				IPHONEOS_DEPLOYMENT_TARGET = 16.0;
				LOCALIZATION_PREFERS_STRING_CATALOGS = YES;
				MTL_ENABLE_DEBUG_INFO = INCLUDE_SOURCE;
				MTL_FAST_MATH = YES;
				ONLY_ACTIVE_ARCH = YES;
				OTHER_SWIFT_FLAGS = "-D DEVELOPMENT";
				SDKROOT = iphoneos;
				SWIFT_ACTIVE_COMPILATION_CONDITIONS = "DEBUG $(inherited)";
				SWIFT_OPTIMIZATION_LEVEL = "-Onone";
			};
			name = Development;
		};
		4E68773C2BB7180700EF56DB /* Development */ = {
			isa = XCBuildConfiguration;
			buildSettings = {
				ASSETCATALOG_COMPILER_APPICON_NAME = AppIcon;
				ASSETCATALOG_COMPILER_GLOBAL_ACCENT_COLOR_NAME = AccentColor;
				"CODE_SIGN_IDENTITY[sdk=iphoneos*]" = "iPhone Developer";
				CODE_SIGN_STYLE = Manual;
				CURRENT_PROJECT_VERSION = 1;
				DEVELOPMENT_TEAM = "";
				"DEVELOPMENT_TEAM[sdk=iphoneos*]" = 4MN45GZSDT;
				ENABLE_TESTING_SEARCH_PATHS = YES;
				GENERATE_INFOPLIST_FILE = YES;
				INFOPLIST_FILE = MoCoDot/Resources/Info.plist;
				INFOPLIST_KEY_UIApplicationSupportsIndirectInputEvents = YES;
				INFOPLIST_KEY_UILaunchStoryboardName = LaunchScreen;
				INFOPLIST_KEY_UISupportedInterfaceOrientations_iPad = "UIInterfaceOrientationPortrait UIInterfaceOrientationPortraitUpsideDown UIInterfaceOrientationLandscapeLeft UIInterfaceOrientationLandscapeRight";
				INFOPLIST_KEY_UISupportedInterfaceOrientations_iPhone = "UIInterfaceOrientationPortrait UIInterfaceOrientationLandscapeLeft UIInterfaceOrientationLandscapeRight";
				IPHONEOS_DEPLOYMENT_TARGET = 16.0;
				LD_RUNPATH_SEARCH_PATHS = (
					"$(inherited)",
					"@executable_path/Frameworks",
				);
				MARKETING_VERSION = 1.0;
				PRODUCT_BUNDLE_IDENTIFIER = com.Junwoo.Jununu.MoCoDot;
				PRODUCT_NAME = "$(TARGET_NAME)";
				PROVISIONING_PROFILE_SPECIFIER = "";
				"PROVISIONING_PROFILE_SPECIFIER[sdk=iphoneos*]" = "match Development com.Junwoo.Jununu.MoCoDot";
				SUPPORTED_PLATFORMS = "iphoneos iphonesimulator";
				SUPPORTS_MACCATALYST = NO;
				SUPPORTS_MAC_DESIGNED_FOR_IPHONE_IPAD = NO;
				SUPPORTS_XR_DESIGNED_FOR_IPHONE_IPAD = NO;
				SWIFT_EMIT_LOC_STRINGS = YES;
				SWIFT_VERSION = 5.0;
				TARGETED_DEVICE_FAMILY = "1,2";
			};
			name = Development;
		};
		4EA599502B4EF3810064726E /* Debug */ = {
			isa = XCBuildConfiguration;
			buildSettings = {
				ALWAYS_SEARCH_USER_PATHS = NO;
				ASSETCATALOG_COMPILER_GENERATE_SWIFT_ASSET_SYMBOL_EXTENSIONS = YES;
				CLANG_ANALYZER_NONNULL = YES;
				CLANG_ANALYZER_NUMBER_OBJECT_CONVERSION = YES_AGGRESSIVE;
				CLANG_CXX_LANGUAGE_STANDARD = "gnu++20";
				CLANG_ENABLE_MODULES = YES;
				CLANG_ENABLE_OBJC_ARC = YES;
				CLANG_ENABLE_OBJC_WEAK = YES;
				CLANG_WARN_BLOCK_CAPTURE_AUTORELEASING = YES;
				CLANG_WARN_BOOL_CONVERSION = YES;
				CLANG_WARN_COMMA = YES;
				CLANG_WARN_CONSTANT_CONVERSION = YES;
				CLANG_WARN_DEPRECATED_OBJC_IMPLEMENTATIONS = YES;
				CLANG_WARN_DIRECT_OBJC_ISA_USAGE = YES_ERROR;
				CLANG_WARN_DOCUMENTATION_COMMENTS = YES;
				CLANG_WARN_EMPTY_BODY = YES;
				CLANG_WARN_ENUM_CONVERSION = YES;
				CLANG_WARN_INFINITE_RECURSION = YES;
				CLANG_WARN_INT_CONVERSION = YES;
				CLANG_WARN_NON_LITERAL_NULL_CONVERSION = YES;
				CLANG_WARN_OBJC_IMPLICIT_RETAIN_SELF = YES;
				CLANG_WARN_OBJC_LITERAL_CONVERSION = YES;
				CLANG_WARN_OBJC_ROOT_CLASS = YES_ERROR;
				CLANG_WARN_QUOTED_INCLUDE_IN_FRAMEWORK_HEADER = YES;
				CLANG_WARN_RANGE_LOOP_ANALYSIS = YES;
				CLANG_WARN_STRICT_PROTOTYPES = YES;
				CLANG_WARN_SUSPICIOUS_MOVE = YES;
				CLANG_WARN_UNGUARDED_AVAILABILITY = YES_AGGRESSIVE;
				CLANG_WARN_UNREACHABLE_CODE = YES;
				CLANG_WARN__DUPLICATE_METHOD_MATCH = YES;
				COPY_PHASE_STRIP = NO;
				DEBUG_INFORMATION_FORMAT = dwarf;
				ENABLE_STRICT_OBJC_MSGSEND = YES;
				ENABLE_TESTABILITY = YES;
				ENABLE_USER_SCRIPT_SANDBOXING = YES;
				GCC_C_LANGUAGE_STANDARD = gnu17;
				GCC_DYNAMIC_NO_PIC = NO;
				GCC_NO_COMMON_BLOCKS = YES;
				GCC_OPTIMIZATION_LEVEL = 0;
				GCC_PREPROCESSOR_DEFINITIONS = (
					"DEBUG=1",
					"$(inherited)",
				);
				GCC_WARN_64_TO_32_BIT_CONVERSION = YES;
				GCC_WARN_ABOUT_RETURN_TYPE = YES_ERROR;
				GCC_WARN_UNDECLARED_SELECTOR = YES;
				GCC_WARN_UNINITIALIZED_AUTOS = YES_AGGRESSIVE;
				GCC_WARN_UNUSED_FUNCTION = YES;
				GCC_WARN_UNUSED_VARIABLE = YES;
				IPHONEOS_DEPLOYMENT_TARGET = 16.0;
				LOCALIZATION_PREFERS_STRING_CATALOGS = YES;
				MTL_ENABLE_DEBUG_INFO = INCLUDE_SOURCE;
				MTL_FAST_MATH = YES;
				ONLY_ACTIVE_ARCH = YES;
				SDKROOT = iphoneos;
				SWIFT_ACTIVE_COMPILATION_CONDITIONS = "DEBUG $(inherited)";
				SWIFT_OPTIMIZATION_LEVEL = "-Onone";
			};
			name = Debug;
		};
		4EA599512B4EF3810064726E /* Release */ = {
			isa = XCBuildConfiguration;
			buildSettings = {
				ALWAYS_SEARCH_USER_PATHS = NO;
				ASSETCATALOG_COMPILER_GENERATE_SWIFT_ASSET_SYMBOL_EXTENSIONS = YES;
				CLANG_ANALYZER_NONNULL = YES;
				CLANG_ANALYZER_NUMBER_OBJECT_CONVERSION = YES_AGGRESSIVE;
				CLANG_CXX_LANGUAGE_STANDARD = "gnu++20";
				CLANG_ENABLE_MODULES = YES;
				CLANG_ENABLE_OBJC_ARC = YES;
				CLANG_ENABLE_OBJC_WEAK = YES;
				CLANG_WARN_BLOCK_CAPTURE_AUTORELEASING = YES;
				CLANG_WARN_BOOL_CONVERSION = YES;
				CLANG_WARN_COMMA = YES;
				CLANG_WARN_CONSTANT_CONVERSION = YES;
				CLANG_WARN_DEPRECATED_OBJC_IMPLEMENTATIONS = YES;
				CLANG_WARN_DIRECT_OBJC_ISA_USAGE = YES_ERROR;
				CLANG_WARN_DOCUMENTATION_COMMENTS = YES;
				CLANG_WARN_EMPTY_BODY = YES;
				CLANG_WARN_ENUM_CONVERSION = YES;
				CLANG_WARN_INFINITE_RECURSION = YES;
				CLANG_WARN_INT_CONVERSION = YES;
				CLANG_WARN_NON_LITERAL_NULL_CONVERSION = YES;
				CLANG_WARN_OBJC_IMPLICIT_RETAIN_SELF = YES;
				CLANG_WARN_OBJC_LITERAL_CONVERSION = YES;
				CLANG_WARN_OBJC_ROOT_CLASS = YES_ERROR;
				CLANG_WARN_QUOTED_INCLUDE_IN_FRAMEWORK_HEADER = YES;
				CLANG_WARN_RANGE_LOOP_ANALYSIS = YES;
				CLANG_WARN_STRICT_PROTOTYPES = YES;
				CLANG_WARN_SUSPICIOUS_MOVE = YES;
				CLANG_WARN_UNGUARDED_AVAILABILITY = YES_AGGRESSIVE;
				CLANG_WARN_UNREACHABLE_CODE = YES;
				CLANG_WARN__DUPLICATE_METHOD_MATCH = YES;
				COPY_PHASE_STRIP = NO;
				DEBUG_INFORMATION_FORMAT = "dwarf-with-dsym";
				ENABLE_NS_ASSERTIONS = NO;
				ENABLE_STRICT_OBJC_MSGSEND = YES;
				ENABLE_TESTABILITY = NO;
				ENABLE_USER_SCRIPT_SANDBOXING = YES;
				GCC_C_LANGUAGE_STANDARD = gnu17;
				GCC_NO_COMMON_BLOCKS = YES;
				GCC_WARN_64_TO_32_BIT_CONVERSION = YES;
				GCC_WARN_ABOUT_RETURN_TYPE = YES_ERROR;
				GCC_WARN_UNDECLARED_SELECTOR = YES;
				GCC_WARN_UNINITIALIZED_AUTOS = YES_AGGRESSIVE;
				GCC_WARN_UNUSED_FUNCTION = YES;
				GCC_WARN_UNUSED_VARIABLE = YES;
				IPHONEOS_DEPLOYMENT_TARGET = 16.0;
				LOCALIZATION_PREFERS_STRING_CATALOGS = YES;
				MTL_ENABLE_DEBUG_INFO = NO;
				MTL_FAST_MATH = YES;
				SDKROOT = iphoneos;
				SWIFT_COMPILATION_MODE = wholemodule;
				VALIDATE_PRODUCT = YES;
			};
			name = Release;
		};
		4EA599532B4EF3810064726E /* Debug */ = {
			isa = XCBuildConfiguration;
			buildSettings = {
				ASSETCATALOG_COMPILER_APPICON_NAME = AppIcon;
				ASSETCATALOG_COMPILER_GLOBAL_ACCENT_COLOR_NAME = AccentColor;
				"CODE_SIGN_IDENTITY[sdk=iphoneos*]" = "iPhone Developer";
				CODE_SIGN_STYLE = Manual;
				CURRENT_PROJECT_VERSION = 1;
				DEVELOPMENT_TEAM = "";
				"DEVELOPMENT_TEAM[sdk=iphoneos*]" = 4MN45GZSDT;
				ENABLE_TESTING_SEARCH_PATHS = YES;
				GENERATE_INFOPLIST_FILE = YES;
				INFOPLIST_FILE = MoCoDot/Resources/Info.plist;
				INFOPLIST_KEY_UIApplicationSupportsIndirectInputEvents = YES;
				INFOPLIST_KEY_UILaunchStoryboardName = LaunchScreen;
				INFOPLIST_KEY_UISupportedInterfaceOrientations_iPad = "UIInterfaceOrientationPortrait UIInterfaceOrientationPortraitUpsideDown UIInterfaceOrientationLandscapeLeft UIInterfaceOrientationLandscapeRight";
				INFOPLIST_KEY_UISupportedInterfaceOrientations_iPhone = "UIInterfaceOrientationPortrait UIInterfaceOrientationLandscapeLeft UIInterfaceOrientationLandscapeRight";
				IPHONEOS_DEPLOYMENT_TARGET = 16.0;
				LD_RUNPATH_SEARCH_PATHS = (
					"$(inherited)",
					"@executable_path/Frameworks",
				);
				MARKETING_VERSION = 1.0;
				PRODUCT_BUNDLE_IDENTIFIER = com.Junwoo.Jununu.MoCoDot;
				PRODUCT_NAME = "$(TARGET_NAME)";
				PROVISIONING_PROFILE_SPECIFIER = "";
				"PROVISIONING_PROFILE_SPECIFIER[sdk=iphoneos*]" = "match Development com.Junwoo.Jununu.MoCoDot";
				SUPPORTED_PLATFORMS = "iphoneos iphonesimulator";
				SUPPORTS_MACCATALYST = NO;
				SUPPORTS_MAC_DESIGNED_FOR_IPHONE_IPAD = NO;
				SUPPORTS_XR_DESIGNED_FOR_IPHONE_IPAD = NO;
				SWIFT_EMIT_LOC_STRINGS = YES;
				SWIFT_VERSION = 5.0;
				TARGETED_DEVICE_FAMILY = "1,2";
			};
			name = Debug;
		};
		4EA599542B4EF3810064726E /* Release */ = {
			isa = XCBuildConfiguration;
			buildSettings = {
				ASSETCATALOG_COMPILER_APPICON_NAME = AppIcon;
				ASSETCATALOG_COMPILER_GLOBAL_ACCENT_COLOR_NAME = AccentColor;
				CODE_SIGN_ENTITLEMENTS = MoCoDot/MoCoDotRelease.entitlements;
				"CODE_SIGN_IDENTITY[sdk=iphoneos*]" = "iPhone Distribution";
				CODE_SIGN_STYLE = Manual;
				CURRENT_PROJECT_VERSION = 1;
				DEVELOPMENT_TEAM = "";
				"DEVELOPMENT_TEAM[sdk=iphoneos*]" = 4MN45GZSDT;
				ENABLE_TESTING_SEARCH_PATHS = YES;
				GENERATE_INFOPLIST_FILE = YES;
				INFOPLIST_FILE = MoCoDot/Resources/Info.plist;
				INFOPLIST_KEY_UIApplicationSupportsIndirectInputEvents = YES;
				INFOPLIST_KEY_UILaunchStoryboardName = LaunchScreen;
				INFOPLIST_KEY_UISupportedInterfaceOrientations_iPad = "UIInterfaceOrientationPortrait UIInterfaceOrientationPortraitUpsideDown UIInterfaceOrientationLandscapeLeft UIInterfaceOrientationLandscapeRight";
				INFOPLIST_KEY_UISupportedInterfaceOrientations_iPhone = "UIInterfaceOrientationPortrait UIInterfaceOrientationLandscapeLeft UIInterfaceOrientationLandscapeRight";
				IPHONEOS_DEPLOYMENT_TARGET = 16.0;
				LD_RUNPATH_SEARCH_PATHS = (
					"$(inherited)",
					"@executable_path/Frameworks",
				);
				MARKETING_VERSION = 1.0;
				PRODUCT_BUNDLE_IDENTIFIER = com.Junwoo.Jununu.MoCoDot;
				PRODUCT_NAME = "$(TARGET_NAME)";
				PROVISIONING_PROFILE_SPECIFIER = "";
				"PROVISIONING_PROFILE_SPECIFIER[sdk=iphoneos*]" = "match AppStore com.Junwoo.Jununu.MoCoDot";
				SUPPORTED_PLATFORMS = "iphoneos iphonesimulator";
				SUPPORTS_MACCATALYST = NO;
				SUPPORTS_MAC_DESIGNED_FOR_IPHONE_IPAD = NO;
				SUPPORTS_XR_DESIGNED_FOR_IPHONE_IPAD = NO;
				SWIFT_EMIT_LOC_STRINGS = YES;
				SWIFT_VERSION = 5.0;
				TARGETED_DEVICE_FAMILY = "1,2";
			};
			name = Release;
		};
/* End XCBuildConfiguration section */

/* Begin XCConfigurationList section */
		4EA599392B4EF3800064726E /* Build configuration list for PBXProject "MoCoDot" */ = {
			isa = XCConfigurationList;
			buildConfigurations = (
				4EA599502B4EF3810064726E /* Debug */,
				4E68773B2BB7180700EF56DB /* Development */,
				4EA599512B4EF3810064726E /* Release */,
			);
			defaultConfigurationIsVisible = 0;
			defaultConfigurationName = Release;
		};
		4EA599522B4EF3810064726E /* Build configuration list for PBXNativeTarget "MoCoDot" */ = {
			isa = XCConfigurationList;
			buildConfigurations = (
				4EA599532B4EF3810064726E /* Debug */,
				4E68773C2BB7180700EF56DB /* Development */,
				4EA599542B4EF3810064726E /* Release */,
			);
			defaultConfigurationIsVisible = 0;
			defaultConfigurationName = Release;
		};
/* End XCConfigurationList section */

/* Begin XCRemoteSwiftPackageReference section */
		4E00119E2C6E95580051EB9C /* XCRemoteSwiftPackageReference "lottie-ios" */ = {
			isa = XCRemoteSwiftPackageReference;
			repositoryURL = "https://github.com/airbnb/lottie-ios.git";
			requirement = {
				kind = upToNextMajorVersion;
				minimumVersion = 4.5.0;
			};
		};
		4E00119F2C6E95730051EB9C /* XCRemoteSwiftPackageReference "RxDataSources" */ = {
			isa = XCRemoteSwiftPackageReference;
			repositoryURL = "https://github.com/RxSwiftCommunity/RxDataSources.git";
			requirement = {
				kind = upToNextMajorVersion;
				minimumVersion = 5.0.2;
			};
		};
		4E0011A02C6E95B50051EB9C /* XCRemoteSwiftPackageReference "realm-swift" */ = {
			isa = XCRemoteSwiftPackageReference;
			repositoryURL = "https://github.com/realm/realm-swift.git";
			requirement = {
				branch = master;
				kind = branch;
			};
		};
		4E0011A12C6E95D20051EB9C /* XCRemoteSwiftPackageReference "SnapKit" */ = {
			isa = XCRemoteSwiftPackageReference;
			repositoryURL = "https://github.com/SnapKit/SnapKit.git";
			requirement = {
				kind = upToNextMajorVersion;
				minimumVersion = 5.7.1;
			};
		};
		4E0011A22C6E95E40051EB9C /* XCRemoteSwiftPackageReference "Alamofire" */ = {
			isa = XCRemoteSwiftPackageReference;
			repositoryURL = "https://github.com/Alamofire/Alamofire";
			requirement = {
				kind = upToNextMajorVersion;
				minimumVersion = 5.9.1;
			};
		};
		4E0011BD2C6E9B060051EB9C /* XCRemoteSwiftPackageReference "RxSwift" */ = {
			isa = XCRemoteSwiftPackageReference;
			repositoryURL = "https://github.com/ReactiveX/RxSwift";
			requirement = {
				kind = upToNextMajorVersion;
				minimumVersion = 6.7.1;
			};
		};
		4E03BD482C730E5200343217 /* XCRemoteSwiftPackageReference "RxGesture" */ = {
			isa = XCRemoteSwiftPackageReference;
			repositoryURL = "https://github.com/RxSwiftCommunity/RxGesture.git";
			requirement = {
				kind = upToNextMajorVersion;
				minimumVersion = 4.0.4;
			};
		};
/* End XCRemoteSwiftPackageReference section */

/* Begin XCSwiftPackageProductDependency section */
		4E0011BE2C6E9B060051EB9C /* RxCocoa */ = {
			isa = XCSwiftPackageProductDependency;
			package = 4E0011BD2C6E9B060051EB9C /* XCRemoteSwiftPackageReference "RxSwift" */;
			productName = RxCocoa;
		};
		4E0011C02C6E9B060051EB9C /* RxRelay */ = {
			isa = XCSwiftPackageProductDependency;
			package = 4E0011BD2C6E9B060051EB9C /* XCRemoteSwiftPackageReference "RxSwift" */;
			productName = RxRelay;
		};
		4E0011C22C6E9B060051EB9C /* RxSwift */ = {
			isa = XCSwiftPackageProductDependency;
			package = 4E0011BD2C6E9B060051EB9C /* XCRemoteSwiftPackageReference "RxSwift" */;
			productName = RxSwift;
		};
		4E0011CB2C6EA5470051EB9C /* Lottie */ = {
			isa = XCSwiftPackageProductDependency;
			package = 4E00119E2C6E95580051EB9C /* XCRemoteSwiftPackageReference "lottie-ios" */;
			productName = Lottie;
		};
		4E0011CD2C6EA5500051EB9C /* RxDataSources */ = {
			isa = XCSwiftPackageProductDependency;
			package = 4E00119F2C6E95730051EB9C /* XCRemoteSwiftPackageReference "RxDataSources" */;
			productName = RxDataSources;
		};
		4E0011CF2C6EA5580051EB9C /* RealmSwift */ = {
			isa = XCSwiftPackageProductDependency;
			package = 4E0011A02C6E95B50051EB9C /* XCRemoteSwiftPackageReference "realm-swift" */;
			productName = RealmSwift;
		};
		4E0011D32C6EA55E0051EB9C /* SnapKit */ = {
			isa = XCSwiftPackageProductDependency;
			package = 4E0011A12C6E95D20051EB9C /* XCRemoteSwiftPackageReference "SnapKit" */;
			productName = SnapKit;
		};
		4E0011D52C6EA5630051EB9C /* Alamofire */ = {
			isa = XCSwiftPackageProductDependency;
			package = 4E0011A22C6E95E40051EB9C /* XCRemoteSwiftPackageReference "Alamofire" */;
			productName = Alamofire;
		};
		4E03BD492C730E5200343217 /* RxGesture */ = {
			isa = XCSwiftPackageProductDependency;
			package = 4E03BD482C730E5200343217 /* XCRemoteSwiftPackageReference "RxGesture" */;
			productName = RxGesture;
		};
/* End XCSwiftPackageProductDependency section */
	};
	rootObject = 4EA599362B4EF3800064726E /* Project object */;
}
