// !$*UTF8*$!
{
	archiveVersion = 1;
	classes = {
	};
	objectVersion = 56;
	objects = {

/* Begin PBXBuildFile section */
		4E9681392B8DC98700E14E3C /* EnglishMorse.swift in Sources */ = {isa = PBXBuildFile; fileRef = 4E9681362B8DC98700E14E3C /* EnglishMorse.swift */; };
		4E96813A2B8DC98700E14E3C /* KoreanMorse.swift in Sources */ = {isa = PBXBuildFile; fileRef = 4E9681372B8DC98700E14E3C /* KoreanMorse.swift */; };
		4E96813B2B8DC98700E14E3C /* MorseProtocol.swift in Sources */ = {isa = PBXBuildFile; fileRef = 4E9681382B8DC98700E14E3C /* MorseProtocol.swift */; };
		4EA599422B4EF3800064726E /* AppDelegate.swift in Sources */ = {isa = PBXBuildFile; fileRef = 4EA599412B4EF3800064726E /* AppDelegate.swift */; };
		4EA599442B4EF3800064726E /* SceneDelegate.swift in Sources */ = {isa = PBXBuildFile; fileRef = 4EA599432B4EF3800064726E /* SceneDelegate.swift */; };
		4EA599462B4EF3800064726E /* MainViewController.swift in Sources */ = {isa = PBXBuildFile; fileRef = 4EA599452B4EF3800064726E /* MainViewController.swift */; };
		4EA5994B2B4EF3810064726E /* Assets.xcassets in Resources */ = {isa = PBXBuildFile; fileRef = 4EA5994A2B4EF3810064726E /* Assets.xcassets */; };
		4EA5994E2B4EF3810064726E /* LaunchScreen.storyboard in Resources */ = {isa = PBXBuildFile; fileRef = 4EA5994C2B4EF3810064726E /* LaunchScreen.storyboard */; };
		4ED734282B74950400071FEF /* MainViewModel.swift in Sources */ = {isa = PBXBuildFile; fileRef = 4ED734272B74950400071FEF /* MainViewModel.swift */; };
		4ED7342D2B74964500071FEF /* DIContainer.swift in Sources */ = {isa = PBXBuildFile; fileRef = 4ED7342C2B74964500071FEF /* DIContainer.swift */; };
		4ED7342F2B74965200071FEF /* DICProtocol.swift in Sources */ = {isa = PBXBuildFile; fileRef = 4ED7342E2B74965200071FEF /* DICProtocol.swift */; };
		4ED734332B74971F00071FEF /* TranslateProtocol.swift in Sources */ = {isa = PBXBuildFile; fileRef = 4ED734322B74971F00071FEF /* TranslateProtocol.swift */; };
		4ED734362B7497EF00071FEF /* SnapKit in Frameworks */ = {isa = PBXBuildFile; productRef = 4ED734352B7497EF00071FEF /* SnapKit */; };
		4ED734382B7497EF00071FEF /* SnapKit-Dynamic in Frameworks */ = {isa = PBXBuildFile; productRef = 4ED734372B7497EF00071FEF /* SnapKit-Dynamic */; };
		4ED7343A2B749A5C00071FEF /* CustomButton.swift in Sources */ = {isa = PBXBuildFile; fileRef = 4ED734392B749A5C00071FEF /* CustomButton.swift */; };
		4ED7343C2B749A6800071FEF /* CustomTextView.swift in Sources */ = {isa = PBXBuildFile; fileRef = 4ED7343B2B749A6800071FEF /* CustomTextView.swift */; };
		4EF230E12B7626DA001B4186 /* CustomStackView.swift in Sources */ = {isa = PBXBuildFile; fileRef = 4EF230E02B7626DA001B4186 /* CustomStackView.swift */; };
/* End PBXBuildFile section */

/* Begin PBXFileReference section */
		4E9681362B8DC98700E14E3C /* EnglishMorse.swift */ = {isa = PBXFileReference; fileEncoding = 4; lastKnownFileType = sourcecode.swift; path = EnglishMorse.swift; sourceTree = "<group>"; };
		4E9681372B8DC98700E14E3C /* KoreanMorse.swift */ = {isa = PBXFileReference; fileEncoding = 4; lastKnownFileType = sourcecode.swift; path = KoreanMorse.swift; sourceTree = "<group>"; };
		4E9681382B8DC98700E14E3C /* MorseProtocol.swift */ = {isa = PBXFileReference; fileEncoding = 4; lastKnownFileType = sourcecode.swift; path = MorseProtocol.swift; sourceTree = "<group>"; };
		4EA5993E2B4EF3800064726E /* MoCoDot.app */ = {isa = PBXFileReference; explicitFileType = wrapper.application; includeInIndex = 0; path = MoCoDot.app; sourceTree = BUILT_PRODUCTS_DIR; };
		4EA599412B4EF3800064726E /* AppDelegate.swift */ = {isa = PBXFileReference; lastKnownFileType = sourcecode.swift; path = AppDelegate.swift; sourceTree = "<group>"; };
		4EA599432B4EF3800064726E /* SceneDelegate.swift */ = {isa = PBXFileReference; lastKnownFileType = sourcecode.swift; path = SceneDelegate.swift; sourceTree = "<group>"; };
		4EA599452B4EF3800064726E /* MainViewController.swift */ = {isa = PBXFileReference; lastKnownFileType = sourcecode.swift; path = MainViewController.swift; sourceTree = "<group>"; };
		4EA5994A2B4EF3810064726E /* Assets.xcassets */ = {isa = PBXFileReference; lastKnownFileType = folder.assetcatalog; path = Assets.xcassets; sourceTree = "<group>"; };
		4EA5994D2B4EF3810064726E /* Base */ = {isa = PBXFileReference; lastKnownFileType = file.storyboard; name = Base; path = Base.lproj/LaunchScreen.storyboard; sourceTree = "<group>"; };
		4EA5994F2B4EF3810064726E /* Info.plist */ = {isa = PBXFileReference; lastKnownFileType = text.plist.xml; path = Info.plist; sourceTree = "<group>"; };
		4ED734272B74950400071FEF /* MainViewModel.swift */ = {isa = PBXFileReference; lastKnownFileType = sourcecode.swift; path = MainViewModel.swift; sourceTree = "<group>"; };
		4ED7342C2B74964500071FEF /* DIContainer.swift */ = {isa = PBXFileReference; lastKnownFileType = sourcecode.swift; path = DIContainer.swift; sourceTree = "<group>"; };
		4ED7342E2B74965200071FEF /* DICProtocol.swift */ = {isa = PBXFileReference; lastKnownFileType = sourcecode.swift; path = DICProtocol.swift; sourceTree = "<group>"; };
		4ED734322B74971F00071FEF /* TranslateProtocol.swift */ = {isa = PBXFileReference; lastKnownFileType = sourcecode.swift; path = TranslateProtocol.swift; sourceTree = "<group>"; };
		4ED734392B749A5C00071FEF /* CustomButton.swift */ = {isa = PBXFileReference; lastKnownFileType = sourcecode.swift; path = CustomButton.swift; sourceTree = "<group>"; };
		4ED7343B2B749A6800071FEF /* CustomTextView.swift */ = {isa = PBXFileReference; lastKnownFileType = sourcecode.swift; path = CustomTextView.swift; sourceTree = "<group>"; };
		4EF230E02B7626DA001B4186 /* CustomStackView.swift */ = {isa = PBXFileReference; lastKnownFileType = sourcecode.swift; path = CustomStackView.swift; sourceTree = "<group>"; };
/* End PBXFileReference section */

/* Begin PBXFrameworksBuildPhase section */
		4EA5993B2B4EF3800064726E /* Frameworks */ = {
			isa = PBXFrameworksBuildPhase;
			buildActionMask = 2147483647;
			files = (
				4ED734362B7497EF00071FEF /* SnapKit in Frameworks */,
				4ED734382B7497EF00071FEF /* SnapKit-Dynamic in Frameworks */,
			);
			runOnlyForDeploymentPostprocessing = 0;
		};
/* End PBXFrameworksBuildPhase section */

/* Begin PBXGroup section */
		4EA599352B4EF3800064726E = {
			isa = PBXGroup;
			children = (
				4EA599402B4EF3800064726E /* MoCoDot */,
				4EA5993F2B4EF3800064726E /* Products */,
			);
			sourceTree = "<group>";
		};
		4EA5993F2B4EF3800064726E /* Products */ = {
			isa = PBXGroup;
			children = (
				4EA5993E2B4EF3800064726E /* MoCoDot.app */,
			);
			name = Products;
			sourceTree = "<group>";
		};
		4EA599402B4EF3800064726E /* MoCoDot */ = {
			isa = PBXGroup;
			children = (
				4ED734312B7496F400071FEF /* Resources */,
				4ED734302B7496EC00071FEF /* Model */,
				4ED7342B2B74962700071FEF /* Helpers */,
				4ED734292B74950900071FEF /* View */,
				4ED7342A2B74951600071FEF /* ViewModel */,
				4EA5994F2B4EF3810064726E /* Info.plist */,
			);
			path = MoCoDot;
			sourceTree = "<group>";
		};
		4ED734292B74950900071FEF /* View */ = {
			isa = PBXGroup;
			children = (
				4EA599452B4EF3800064726E /* MainViewController.swift */,
				4ED7343D2B749A7D00071FEF /* Subcomponents */,
			);
			path = View;
			sourceTree = "<group>";
		};
		4ED7342A2B74951600071FEF /* ViewModel */ = {
			isa = PBXGroup;
			children = (
				4ED734272B74950400071FEF /* MainViewModel.swift */,
			);
			path = ViewModel;
			sourceTree = "<group>";
		};
		4ED7342B2B74962700071FEF /* Helpers */ = {
			isa = PBXGroup;
			children = (
				4ED7342E2B74965200071FEF /* DICProtocol.swift */,
				4ED7342C2B74964500071FEF /* DIContainer.swift */,
			);
			path = Helpers;
			sourceTree = "<group>";
		};
		4ED734302B7496EC00071FEF /* Model */ = {
			isa = PBXGroup;
			children = (
				4ED734322B74971F00071FEF /* TranslateProtocol.swift */,
				4E9681382B8DC98700E14E3C /* MorseProtocol.swift */,
				4E9681362B8DC98700E14E3C /* EnglishMorse.swift */,
				4E9681372B8DC98700E14E3C /* KoreanMorse.swift */,
			);
			path = Model;
			sourceTree = "<group>";
		};
		4ED734312B7496F400071FEF /* Resources */ = {
			isa = PBXGroup;
			children = (
				4EA599412B4EF3800064726E /* AppDelegate.swift */,
				4EA599432B4EF3800064726E /* SceneDelegate.swift */,
				4EA5994A2B4EF3810064726E /* Assets.xcassets */,
				4EA5994C2B4EF3810064726E /* LaunchScreen.storyboard */,
			);
			path = Resources;
			sourceTree = "<group>";
		};
		4ED7343D2B749A7D00071FEF /* Subcomponents */ = {
			isa = PBXGroup;
			children = (
				4ED734392B749A5C00071FEF /* CustomButton.swift */,
				4ED7343B2B749A6800071FEF /* CustomTextView.swift */,
				4EF230E02B7626DA001B4186 /* CustomStackView.swift */,
			);
			path = Subcomponents;
			sourceTree = "<group>";
		};
/* End PBXGroup section */

/* Begin PBXNativeTarget section */
		4EA5993D2B4EF3800064726E /* MoCoDot */ = {
			isa = PBXNativeTarget;
			buildConfigurationList = 4EA599522B4EF3810064726E /* Build configuration list for PBXNativeTarget "MoCoDot" */;
			buildPhases = (
				4EA5993A2B4EF3800064726E /* Sources */,
				4EA5993B2B4EF3800064726E /* Frameworks */,
				4EA5993C2B4EF3800064726E /* Resources */,
			);
			buildRules = (
			);
			dependencies = (
			);
			name = MoCoDot;
			packageProductDependencies = (
				4ED734352B7497EF00071FEF /* SnapKit */,
				4ED734372B7497EF00071FEF /* SnapKit-Dynamic */,
			);
			productName = MoCoDot;
			productReference = 4EA5993E2B4EF3800064726E /* MoCoDot.app */;
			productType = "com.apple.product-type.application";
		};
/* End PBXNativeTarget section */

/* Begin PBXProject section */
		4EA599362B4EF3800064726E /* Project object */ = {
			isa = PBXProject;
			attributes = {
				BuildIndependentTargetsInParallel = 1;
				LastSwiftUpdateCheck = 1520;
				LastUpgradeCheck = 1520;
				TargetAttributes = {
					4EA5993D2B4EF3800064726E = {
						CreatedOnToolsVersion = 15.2;
					};
				};
			};
			buildConfigurationList = 4EA599392B4EF3800064726E /* Build configuration list for PBXProject "MoCoDot" */;
			compatibilityVersion = "Xcode 14.0";
			developmentRegion = en;
			hasScannedForEncodings = 0;
			knownRegions = (
				en,
				Base,
			);
			mainGroup = 4EA599352B4EF3800064726E;
			packageReferences = (
				4ED734342B7497EF00071FEF /* XCRemoteSwiftPackageReference "SnapKit" */,
			);
			productRefGroup = 4EA5993F2B4EF3800064726E /* Products */;
			projectDirPath = "";
			projectRoot = "";
			targets = (
				4EA5993D2B4EF3800064726E /* MoCoDot */,
			);
		};
/* End PBXProject section */

/* Begin PBXResourcesBuildPhase section */
		4EA5993C2B4EF3800064726E /* Resources */ = {
			isa = PBXResourcesBuildPhase;
			buildActionMask = 2147483647;
			files = (
				4EA5994E2B4EF3810064726E /* LaunchScreen.storyboard in Resources */,
				4EA5994B2B4EF3810064726E /* Assets.xcassets in Resources */,
			);
			runOnlyForDeploymentPostprocessing = 0;
		};
/* End PBXResourcesBuildPhase section */

/* Begin PBXSourcesBuildPhase section */
		4EA5993A2B4EF3800064726E /* Sources */ = {
			isa = PBXSourcesBuildPhase;
			buildActionMask = 2147483647;
			files = (
				4EF230E12B7626DA001B4186 /* CustomStackView.swift in Sources */,
				4EA599462B4EF3800064726E /* MainViewController.swift in Sources */,
				4ED734332B74971F00071FEF /* TranslateProtocol.swift in Sources */,
				4ED7343C2B749A6800071FEF /* CustomTextView.swift in Sources */,
				4EA599422B4EF3800064726E /* AppDelegate.swift in Sources */,
				4E9681392B8DC98700E14E3C /* EnglishMorse.swift in Sources */,
				4E96813A2B8DC98700E14E3C /* KoreanMorse.swift in Sources */,
				4ED7342D2B74964500071FEF /* DIContainer.swift in Sources */,
				4ED7343A2B749A5C00071FEF /* CustomButton.swift in Sources */,
				4EA599442B4EF3800064726E /* SceneDelegate.swift in Sources */,
				4E96813B2B8DC98700E14E3C /* MorseProtocol.swift in Sources */,
				4ED7342F2B74965200071FEF /* DICProtocol.swift in Sources */,
				4ED734282B74950400071FEF /* MainViewModel.swift in Sources */,
			);
			runOnlyForDeploymentPostprocessing = 0;
		};
/* End PBXSourcesBuildPhase section */

/* Begin PBXVariantGroup section */
		4EA5994C2B4EF3810064726E /* LaunchScreen.storyboard */ = {
			isa = PBXVariantGroup;
			children = (
				4EA5994D2B4EF3810064726E /* Base */,
			);
			name = LaunchScreen.storyboard;
			sourceTree = "<group>";
		};
/* End PBXVariantGroup section */

/* Begin XCBuildConfiguration section */
		4EA599502B4EF3810064726E /* Debug */ = {
			isa = XCBuildConfiguration;
			buildSettings = {
				ALWAYS_SEARCH_USER_PATHS = NO;
				ASSETCATALOG_COMPILER_GENERATE_SWIFT_ASSET_SYMBOL_EXTENSIONS = YES;
				CLANG_ANALYZER_NONNULL = YES;
				CLANG_ANALYZER_NUMBER_OBJECT_CONVERSION = YES_AGGRESSIVE;
				CLANG_CXX_LANGUAGE_STANDARD = "gnu++20";
				CLANG_ENABLE_MODULES = YES;
				CLANG_ENABLE_OBJC_ARC = YES;
				CLANG_ENABLE_OBJC_WEAK = YES;
				CLANG_WARN_BLOCK_CAPTURE_AUTORELEASING = YES;
				CLANG_WARN_BOOL_CONVERSION = YES;
				CLANG_WARN_COMMA = YES;
				CLANG_WARN_CONSTANT_CONVERSION = YES;
				CLANG_WARN_DEPRECATED_OBJC_IMPLEMENTATIONS = YES;
				CLANG_WARN_DIRECT_OBJC_ISA_USAGE = YES_ERROR;
				CLANG_WARN_DOCUMENTATION_COMMENTS = YES;
				CLANG_WARN_EMPTY_BODY = YES;
				CLANG_WARN_ENUM_CONVERSION = YES;
				CLANG_WARN_INFINITE_RECURSION = YES;
				CLANG_WARN_INT_CONVERSION = YES;
				CLANG_WARN_NON_LITERAL_NULL_CONVERSION = YES;
				CLANG_WARN_OBJC_IMPLICIT_RETAIN_SELF = YES;
				CLANG_WARN_OBJC_LITERAL_CONVERSION = YES;
				CLANG_WARN_OBJC_ROOT_CLASS = YES_ERROR;
				CLANG_WARN_QUOTED_INCLUDE_IN_FRAMEWORK_HEADER = YES;
				CLANG_WARN_RANGE_LOOP_ANALYSIS = YES;
				CLANG_WARN_STRICT_PROTOTYPES = YES;
				CLANG_WARN_SUSPICIOUS_MOVE = YES;
				CLANG_WARN_UNGUARDED_AVAILABILITY = YES_AGGRESSIVE;
				CLANG_WARN_UNREACHABLE_CODE = YES;
				CLANG_WARN__DUPLICATE_METHOD_MATCH = YES;
				COPY_PHASE_STRIP = NO;
				DEBUG_INFORMATION_FORMAT = dwarf;
				ENABLE_STRICT_OBJC_MSGSEND = YES;
				ENABLE_TESTABILITY = YES;
				ENABLE_USER_SCRIPT_SANDBOXING = YES;
				GCC_C_LANGUAGE_STANDARD = gnu17;
				GCC_DYNAMIC_NO_PIC = NO;
				GCC_NO_COMMON_BLOCKS = YES;
				GCC_OPTIMIZATION_LEVEL = 0;
				GCC_PREPROCESSOR_DEFINITIONS = (
					"DEBUG=1",
					"$(inherited)",
				);
				GCC_WARN_64_TO_32_BIT_CONVERSION = YES;
				GCC_WARN_ABOUT_RETURN_TYPE = YES_ERROR;
				GCC_WARN_UNDECLARED_SELECTOR = YES;
				GCC_WARN_UNINITIALIZED_AUTOS = YES_AGGRESSIVE;
				GCC_WARN_UNUSED_FUNCTION = YES;
				GCC_WARN_UNUSED_VARIABLE = YES;
				IPHONEOS_DEPLOYMENT_TARGET = 17.2;
				LOCALIZATION_PREFERS_STRING_CATALOGS = YES;
				MTL_ENABLE_DEBUG_INFO = INCLUDE_SOURCE;
				MTL_FAST_MATH = YES;
				ONLY_ACTIVE_ARCH = YES;
				SDKROOT = iphoneos;
				SWIFT_ACTIVE_COMPILATION_CONDITIONS = "DEBUG $(inherited)";
				SWIFT_OPTIMIZATION_LEVEL = "-Onone";
			};
			name = Debug;
		};
		4EA599512B4EF3810064726E /* Release */ = {
			isa = XCBuildConfiguration;
			buildSettings = {
				ALWAYS_SEARCH_USER_PATHS = NO;
				ASSETCATALOG_COMPILER_GENERATE_SWIFT_ASSET_SYMBOL_EXTENSIONS = YES;
				CLANG_ANALYZER_NONNULL = YES;
				CLANG_ANALYZER_NUMBER_OBJECT_CONVERSION = YES_AGGRESSIVE;
				CLANG_CXX_LANGUAGE_STANDARD = "gnu++20";
				CLANG_ENABLE_MODULES = YES;
				CLANG_ENABLE_OBJC_ARC = YES;
				CLANG_ENABLE_OBJC_WEAK = YES;
				CLANG_WARN_BLOCK_CAPTURE_AUTORELEASING = YES;
				CLANG_WARN_BOOL_CONVERSION = YES;
				CLANG_WARN_COMMA = YES;
				CLANG_WARN_CONSTANT_CONVERSION = YES;
				CLANG_WARN_DEPRECATED_OBJC_IMPLEMENTATIONS = YES;
				CLANG_WARN_DIRECT_OBJC_ISA_USAGE = YES_ERROR;
				CLANG_WARN_DOCUMENTATION_COMMENTS = YES;
				CLANG_WARN_EMPTY_BODY = YES;
				CLANG_WARN_ENUM_CONVERSION = YES;
				CLANG_WARN_INFINITE_RECURSION = YES;
				CLANG_WARN_INT_CONVERSION = YES;
				CLANG_WARN_NON_LITERAL_NULL_CONVERSION = YES;
				CLANG_WARN_OBJC_IMPLICIT_RETAIN_SELF = YES;
				CLANG_WARN_OBJC_LITERAL_CONVERSION = YES;
				CLANG_WARN_OBJC_ROOT_CLASS = YES_ERROR;
				CLANG_WARN_QUOTED_INCLUDE_IN_FRAMEWORK_HEADER = YES;
				CLANG_WARN_RANGE_LOOP_ANALYSIS = YES;
				CLANG_WARN_STRICT_PROTOTYPES = YES;
				CLANG_WARN_SUSPICIOUS_MOVE = YES;
				CLANG_WARN_UNGUARDED_AVAILABILITY = YES_AGGRESSIVE;
				CLANG_WARN_UNREACHABLE_CODE = YES;
				CLANG_WARN__DUPLICATE_METHOD_MATCH = YES;
				COPY_PHASE_STRIP = NO;
				DEBUG_INFORMATION_FORMAT = "dwarf-with-dsym";
				ENABLE_NS_ASSERTIONS = NO;
				ENABLE_STRICT_OBJC_MSGSEND = YES;
				ENABLE_USER_SCRIPT_SANDBOXING = YES;
				GCC_C_LANGUAGE_STANDARD = gnu17;
				GCC_NO_COMMON_BLOCKS = YES;
				GCC_WARN_64_TO_32_BIT_CONVERSION = YES;
				GCC_WARN_ABOUT_RETURN_TYPE = YES_ERROR;
				GCC_WARN_UNDECLARED_SELECTOR = YES;
				GCC_WARN_UNINITIALIZED_AUTOS = YES_AGGRESSIVE;
				GCC_WARN_UNUSED_FUNCTION = YES;
				GCC_WARN_UNUSED_VARIABLE = YES;
				IPHONEOS_DEPLOYMENT_TARGET = 17.2;
				LOCALIZATION_PREFERS_STRING_CATALOGS = YES;
				MTL_ENABLE_DEBUG_INFO = NO;
				MTL_FAST_MATH = YES;
				SDKROOT = iphoneos;
				SWIFT_COMPILATION_MODE = wholemodule;
				VALIDATE_PRODUCT = YES;
			};
			name = Release;
		};
		4EA599532B4EF3810064726E /* Debug */ = {
			isa = XCBuildConfiguration;
			buildSettings = {
				ASSETCATALOG_COMPILER_APPICON_NAME = AppIcon;
				ASSETCATALOG_COMPILER_GLOBAL_ACCENT_COLOR_NAME = AccentColor;
				CODE_SIGN_STYLE = Automatic;
				CURRENT_PROJECT_VERSION = 1;
				DEVELOPMENT_TEAM = 4MN45GZSDT;
				GENERATE_INFOPLIST_FILE = YES;
				INFOPLIST_FILE = MoCoDot/Info.plist;
				INFOPLIST_KEY_UIApplicationSupportsIndirectInputEvents = YES;
				INFOPLIST_KEY_UILaunchStoryboardName = LaunchScreen;
				INFOPLIST_KEY_UISupportedInterfaceOrientations_iPad = "UIInterfaceOrientationPortrait UIInterfaceOrientationPortraitUpsideDown UIInterfaceOrientationLandscapeLeft UIInterfaceOrientationLandscapeRight";
				INFOPLIST_KEY_UISupportedInterfaceOrientations_iPhone = "UIInterfaceOrientationPortrait UIInterfaceOrientationLandscapeLeft UIInterfaceOrientationLandscapeRight";
				IPHONEOS_DEPLOYMENT_TARGET = 16.0;
				LD_RUNPATH_SEARCH_PATHS = (
					"$(inherited)",
					"@executable_path/Frameworks",
				);
				MARKETING_VERSION = 1.0;
				PRODUCT_BUNDLE_IDENTIFIER = com.Junwoo.Jununu.MoCoDot;
				PRODUCT_NAME = "$(TARGET_NAME)";
				SWIFT_EMIT_LOC_STRINGS = YES;
				SWIFT_VERSION = 5.0;
				TARGETED_DEVICE_FAMILY = "1,2";
			};
			name = Debug;
		};
		4EA599542B4EF3810064726E /* Release */ = {
			isa = XCBuildConfiguration;
			buildSettings = {
				ASSETCATALOG_COMPILER_APPICON_NAME = AppIcon;
				ASSETCATALOG_COMPILER_GLOBAL_ACCENT_COLOR_NAME = AccentColor;
				CODE_SIGN_STYLE = Automatic;
				CURRENT_PROJECT_VERSION = 1;
				DEVELOPMENT_TEAM = 4MN45GZSDT;
				GENERATE_INFOPLIST_FILE = YES;
				INFOPLIST_FILE = MoCoDot/Info.plist;
				INFOPLIST_KEY_UIApplicationSupportsIndirectInputEvents = YES;
				INFOPLIST_KEY_UILaunchStoryboardName = LaunchScreen;
				INFOPLIST_KEY_UISupportedInterfaceOrientations_iPad = "UIInterfaceOrientationPortrait UIInterfaceOrientationPortraitUpsideDown UIInterfaceOrientationLandscapeLeft UIInterfaceOrientationLandscapeRight";
				INFOPLIST_KEY_UISupportedInterfaceOrientations_iPhone = "UIInterfaceOrientationPortrait UIInterfaceOrientationLandscapeLeft UIInterfaceOrientationLandscapeRight";
				IPHONEOS_DEPLOYMENT_TARGET = 16.0;
				LD_RUNPATH_SEARCH_PATHS = (
					"$(inherited)",
					"@executable_path/Frameworks",
				);
				MARKETING_VERSION = 1.0;
				PRODUCT_BUNDLE_IDENTIFIER = com.Junwoo.Jununu.MoCoDot;
				PRODUCT_NAME = "$(TARGET_NAME)";
				SWIFT_EMIT_LOC_STRINGS = YES;
				SWIFT_VERSION = 5.0;
				TARGETED_DEVICE_FAMILY = "1,2";
			};
			name = Release;
		};
/* End XCBuildConfiguration section */

/* Begin XCConfigurationList section */
		4EA599392B4EF3800064726E /* Build configuration list for PBXProject "MoCoDot" */ = {
			isa = XCConfigurationList;
			buildConfigurations = (
				4EA599502B4EF3810064726E /* Debug */,
				4EA599512B4EF3810064726E /* Release */,
			);
			defaultConfigurationIsVisible = 0;
			defaultConfigurationName = Release;
		};
		4EA599522B4EF3810064726E /* Build configuration list for PBXNativeTarget "MoCoDot" */ = {
			isa = XCConfigurationList;
			buildConfigurations = (
				4EA599532B4EF3810064726E /* Debug */,
				4EA599542B4EF3810064726E /* Release */,
			);
			defaultConfigurationIsVisible = 0;
			defaultConfigurationName = Release;
		};
/* End XCConfigurationList section */

/* Begin XCRemoteSwiftPackageReference section */
		4ED734342B7497EF00071FEF /* XCRemoteSwiftPackageReference "SnapKit" */ = {
			isa = XCRemoteSwiftPackageReference;
			repositoryURL = "https://github.com/SnapKit/SnapKit.git";
			requirement = {
				kind = upToNextMajorVersion;
				minimumVersion = 5.7.0;
			};
		};
/* End XCRemoteSwiftPackageReference section */

/* Begin XCSwiftPackageProductDependency section */
		4ED734352B7497EF00071FEF /* SnapKit */ = {
			isa = XCSwiftPackageProductDependency;
			package = 4ED734342B7497EF00071FEF /* XCRemoteSwiftPackageReference "SnapKit" */;
			productName = SnapKit;
		};
		4ED734372B7497EF00071FEF /* SnapKit-Dynamic */ = {
			isa = XCSwiftPackageProductDependency;
			package = 4ED734342B7497EF00071FEF /* XCRemoteSwiftPackageReference "SnapKit" */;
			productName = "SnapKit-Dynamic";
		};
/* End XCSwiftPackageProductDependency section */
	};
	rootObject = 4EA599362B4EF3800064726E /* Project object */;
}
